// !$*UTF8*$!
{
	archiveVersion = 1;
	classes = {
	};
	objectVersion = 46;
	objects = {

/* Begin PBXBuildFile section */
		167AB7714A412FA773401D90 /* libPods-Telesto Basement App.a in Frameworks */ = {isa = PBXBuildFile; fileRef = 1D774B00CC6AFD6F82927CD9 /* libPods-Telesto Basement App.a */; };
		3B428ACC1DDB3E57008ADABF /* BaseViewController.m in Sources */ = {isa = PBXBuildFile; fileRef = 3B428ACB1DDB3E57008ADABF /* BaseViewController.m */; };
		3B69A9C71DDB0E4800163A80 /* TermsAndConditionViewController.m in Sources */ = {isa = PBXBuildFile; fileRef = 3B69A9C61DDB0E4800163A80 /* TermsAndConditionViewController.m */; };
		3B6EB88C1DD845D900936AB9 /* main.m in Sources */ = {isa = PBXBuildFile; fileRef = 3B6EB88B1DD845D900936AB9 /* main.m */; };
		3B6EB88F1DD845D900936AB9 /* AppDelegate.m in Sources */ = {isa = PBXBuildFile; fileRef = 3B6EB88E1DD845D900936AB9 /* AppDelegate.m */; };
		3B6EB8951DD845D900936AB9 /* Main.storyboard in Resources */ = {isa = PBXBuildFile; fileRef = 3B6EB8931DD845D900936AB9 /* Main.storyboard */; };
		3B6EB8981DD845DA00936AB9 /* Telesto_Basement_App.xcdatamodeld in Sources */ = {isa = PBXBuildFile; fileRef = 3B6EB8961DD845DA00936AB9 /* Telesto_Basement_App.xcdatamodeld */; };
		3B6EB89A1DD845DA00936AB9 /* Assets.xcassets in Resources */ = {isa = PBXBuildFile; fileRef = 3B6EB8991DD845DA00936AB9 /* Assets.xcassets */; };
		3B6EB89D1DD845DA00936AB9 /* LaunchScreen.storyboard in Resources */ = {isa = PBXBuildFile; fileRef = 3B6EB89B1DD845DA00936AB9 /* LaunchScreen.storyboard */; };
		70015E981DF6913200DF542E /* Utility.m in Sources */ = {isa = PBXBuildFile; fileRef = 70015E971DF6913200DF542E /* Utility.m */; };
		70015E9E1DF69BEF00DF542E /* HttpHelper.m in Sources */ = {isa = PBXBuildFile; fileRef = 70015E9D1DF69BEF00DF542E /* HttpHelper.m */; };
		700D52501EB0B0A500B9732C /* CustomVideoPopUpView.xib in Resources */ = {isa = PBXBuildFile; fileRef = 700D524F1EB0B0A500B9732C /* CustomVideoPopUpView.xib */; };
		700D52531EB0B0C700B9732C /* CustomVideoPopUpView.m in Sources */ = {isa = PBXBuildFile; fileRef = 700D52521EB0B0C700B9732C /* CustomVideoPopUpView.m */; };
		7017E9411DEFF608009FB76A /* reveal-icon.png in Resources */ = {isa = PBXBuildFile; fileRef = 7017E93E1DEFF608009FB76A /* reveal-icon.png */; };
		7017E9421DEFF608009FB76A /* reveal-icon@2x.png in Resources */ = {isa = PBXBuildFile; fileRef = 7017E93F1DEFF608009FB76A /* reveal-icon@2x.png */; };
		7027C9B91E1CEEDA0062EB77 /* FZAccordionTableView.m in Sources */ = {isa = PBXBuildFile; fileRef = 7027C9B81E1CEEDA0062EB77 /* FZAccordionTableView.m */; };
		7027C9BD1E1CEF5E0062EB77 /* AccordionHeaderView.m in Sources */ = {isa = PBXBuildFile; fileRef = 7027C9BB1E1CEF5E0062EB77 /* AccordionHeaderView.m */; };
		7027C9BE1E1CEF5E0062EB77 /* AccordionHeaderView.xib in Resources */ = {isa = PBXBuildFile; fileRef = 7027C9BC1E1CEF5E0062EB77 /* AccordionHeaderView.xib */; };
		7027C9C11E1D15760062EB77 /* UserProfileViewController.m in Sources */ = {isa = PBXBuildFile; fileRef = 7027C9C01E1D15760062EB77 /* UserProfileViewController.m */; };
		7027C9C41E1D35950062EB77 /* ProposalViewController.m in Sources */ = {isa = PBXBuildFile; fileRef = 7027C9C31E1D35950062EB77 /* ProposalViewController.m */; };
		702BD7F21E7FFD6F008F786C /* CustomTemplateNameView.xib in Resources */ = {isa = PBXBuildFile; fileRef = 702BD7F11E7FFD6F008F786C /* CustomTemplateNameView.xib */; };
		702BD7F51E7FFE0F008F786C /* CustomTemplateNameView.m in Sources */ = {isa = PBXBuildFile; fileRef = 702BD7F41E7FFE0F008F786C /* CustomTemplateNameView.m */; };
		703C35871EBA16DE00448B1A /* GalleryItem.m in Sources */ = {isa = PBXBuildFile; fileRef = 703C35861EBA16DE00448B1A /* GalleryItem.m */; };
		704B68901E13C9C000E6537D /* QuartzCore.framework in Frameworks */ = {isa = PBXBuildFile; fileRef = 704B688F1E13C9C000E6537D /* QuartzCore.framework */; };
		704B689C1E13CD0900E6537D /* TemplatePopOverViewController.m in Sources */ = {isa = PBXBuildFile; fileRef = 704B689B1E13CD0900E6537D /* TemplatePopOverViewController.m */; };
		704B689E1E13E8B800E6537D /* 12.9_inch_iPad_Pro@2x-png.png in Resources */ = {isa = PBXBuildFile; fileRef = 704B689D1E13E8B800E6537D /* 12.9_inch_iPad_Pro@2x-png.png */; };
		705B78231E13C0B700161991 /* Temp8@2x.png in Resources */ = {isa = PBXBuildFile; fileRef = 705B781B1E13C0B700161991 /* Temp8@2x.png */; };
		705B78241E13C0B700161991 /* Temp7@2x.png in Resources */ = {isa = PBXBuildFile; fileRef = 705B781C1E13C0B700161991 /* Temp7@2x.png */; };
		705B78251E13C0B700161991 /* Temp6@2x.png in Resources */ = {isa = PBXBuildFile; fileRef = 705B781D1E13C0B700161991 /* Temp6@2x.png */; };
		705B78261E13C0B700161991 /* Temp5@2x.png in Resources */ = {isa = PBXBuildFile; fileRef = 705B781E1E13C0B700161991 /* Temp5@2x.png */; };
		705B78271E13C0B700161991 /* Temp4@2x.png in Resources */ = {isa = PBXBuildFile; fileRef = 705B781F1E13C0B700161991 /* Temp4@2x.png */; };
		705B78281E13C0B700161991 /* Temp3@2x.png in Resources */ = {isa = PBXBuildFile; fileRef = 705B78201E13C0B700161991 /* Temp3@2x.png */; };
		705B78291E13C0B700161991 /* Temp2@2x.png in Resources */ = {isa = PBXBuildFile; fileRef = 705B78211E13C0B700161991 /* Temp2@2x.png */; };
		705B782A1E13C0B700161991 /* Temp1@2x.png in Resources */ = {isa = PBXBuildFile; fileRef = 705B78221E13C0B700161991 /* Temp1@2x.png */; };
		705B783D1E13C71D00161991 /* CustomerInfoObject.m in Sources */ = {isa = PBXBuildFile; fileRef = 705B782E1E13C71D00161991 /* CustomerInfoObject.m */; };
		705B783E1E13C71D00161991 /* CustomerListViewController.m in Sources */ = {isa = PBXBuildFile; fileRef = 705B78301E13C71D00161991 /* CustomerListViewController.m */; };
		705B783F1E13C71D00161991 /* DesignViewController.m in Sources */ = {isa = PBXBuildFile; fileRef = 705B78321E13C71D00161991 /* DesignViewController.m */; };
		705B78401E13C71D00161991 /* MenuViewController.m in Sources */ = {isa = PBXBuildFile; fileRef = 705B78341E13C71D00161991 /* MenuViewController.m */; };
		705B78411E13C71D00161991 /* OldProposalsViewController.m in Sources */ = {isa = PBXBuildFile; fileRef = 705B78361E13C71D00161991 /* OldProposalsViewController.m */; };
		705B78421E13C71D00161991 /* PresentationsViewController.m in Sources */ = {isa = PBXBuildFile; fileRef = 705B78381E13C71D00161991 /* PresentationsViewController.m */; };
		705B78431E13C71D00161991 /* SWRevealViewController.m in Sources */ = {isa = PBXBuildFile; fileRef = 705B783A1E13C71D00161991 /* SWRevealViewController.m */; };
		705B78441E13C71D00161991 /* TrainingVideoViewController.m in Sources */ = {isa = PBXBuildFile; fileRef = 705B783C1E13C71D00161991 /* TrainingVideoViewController.m */; };
		705F64D51DF97B7000082D55 /* Roboto-Black.ttf in Resources */ = {isa = PBXBuildFile; fileRef = 705F64C31DF97B7000082D55 /* Roboto-Black.ttf */; };
		705F64D61DF97B7000082D55 /* Roboto-BlackItalic.ttf in Resources */ = {isa = PBXBuildFile; fileRef = 705F64C41DF97B7000082D55 /* Roboto-BlackItalic.ttf */; };
		705F64D71DF97B7000082D55 /* Roboto-Bold.ttf in Resources */ = {isa = PBXBuildFile; fileRef = 705F64C51DF97B7000082D55 /* Roboto-Bold.ttf */; };
		705F64D81DF97B7000082D55 /* Roboto-BoldItalic.ttf in Resources */ = {isa = PBXBuildFile; fileRef = 705F64C61DF97B7000082D55 /* Roboto-BoldItalic.ttf */; };
		705F64D91DF97B7000082D55 /* Roboto-Italic.ttf in Resources */ = {isa = PBXBuildFile; fileRef = 705F64C71DF97B7000082D55 /* Roboto-Italic.ttf */; };
		705F64DA1DF97B7000082D55 /* Roboto-Light.ttf in Resources */ = {isa = PBXBuildFile; fileRef = 705F64C81DF97B7000082D55 /* Roboto-Light.ttf */; };
		705F64DB1DF97B7000082D55 /* Roboto-LightItalic.ttf in Resources */ = {isa = PBXBuildFile; fileRef = 705F64C91DF97B7000082D55 /* Roboto-LightItalic.ttf */; };
		705F64DC1DF97B7000082D55 /* Roboto-Medium.ttf in Resources */ = {isa = PBXBuildFile; fileRef = 705F64CA1DF97B7000082D55 /* Roboto-Medium.ttf */; };
		705F64DD1DF97B7000082D55 /* Roboto-MediumItalic.ttf in Resources */ = {isa = PBXBuildFile; fileRef = 705F64CB1DF97B7000082D55 /* Roboto-MediumItalic.ttf */; };
		705F64DE1DF97B7000082D55 /* Roboto-Regular.ttf in Resources */ = {isa = PBXBuildFile; fileRef = 705F64CC1DF97B7000082D55 /* Roboto-Regular.ttf */; };
		705F64DF1DF97B7000082D55 /* Roboto-Thin.ttf in Resources */ = {isa = PBXBuildFile; fileRef = 705F64CD1DF97B7000082D55 /* Roboto-Thin.ttf */; };
		705F64E01DF97B7000082D55 /* Roboto-ThinItalic.ttf in Resources */ = {isa = PBXBuildFile; fileRef = 705F64CE1DF97B7000082D55 /* Roboto-ThinItalic.ttf */; };
		705F64E11DF97B7000082D55 /* RobotoCondensed-Bold.ttf in Resources */ = {isa = PBXBuildFile; fileRef = 705F64CF1DF97B7000082D55 /* RobotoCondensed-Bold.ttf */; };
		705F64E21DF97B7000082D55 /* RobotoCondensed-BoldItalic.ttf in Resources */ = {isa = PBXBuildFile; fileRef = 705F64D01DF97B7000082D55 /* RobotoCondensed-BoldItalic.ttf */; };
		705F64E31DF97B7000082D55 /* RobotoCondensed-Italic.ttf in Resources */ = {isa = PBXBuildFile; fileRef = 705F64D11DF97B7000082D55 /* RobotoCondensed-Italic.ttf */; };
		705F64E41DF97B7000082D55 /* RobotoCondensed-Light.ttf in Resources */ = {isa = PBXBuildFile; fileRef = 705F64D21DF97B7000082D55 /* RobotoCondensed-Light.ttf */; };
		705F64E51DF97B7000082D55 /* RobotoCondensed-LightItalic.ttf in Resources */ = {isa = PBXBuildFile; fileRef = 705F64D31DF97B7000082D55 /* RobotoCondensed-LightItalic.ttf */; };
		705F64E61DF97B7000082D55 /* RobotoCondensed-Regular.ttf in Resources */ = {isa = PBXBuildFile; fileRef = 705F64D41DF97B7000082D55 /* RobotoCondensed-Regular.ttf */; };
		705F64EB1DF97F2600082D55 /* telesto-logo@2x.png in Resources */ = {isa = PBXBuildFile; fileRef = 705F64E81DF97F2600082D55 /* telesto-logo@2x.png */; };
		705F64EC1DF97F2600082D55 /* userName@2x.png in Resources */ = {isa = PBXBuildFile; fileRef = 705F64E91DF97F2600082D55 /* userName@2x.png */; };
		705F64EE1DF97F5A00082D55 /* passwordIcon@2x.png in Resources */ = {isa = PBXBuildFile; fileRef = 705F64ED1DF97F5A00082D55 /* passwordIcon@2x.png */; };
		706286191DED939A0022E105 /* PageContentViewController.m in Sources */ = {isa = PBXBuildFile; fileRef = 706286181DED939A0022E105 /* PageContentViewController.m */; };
		70641E561E72AE660085FFE6 /* CustomerProposalTableViewCell.m in Sources */ = {isa = PBXBuildFile; fileRef = 70641E541E72AE660085FFE6 /* CustomerProposalTableViewCell.m */; };
		70641E571E72AE660085FFE6 /* CustomerProposalTableViewCell.xib in Resources */ = {isa = PBXBuildFile; fileRef = 70641E551E72AE660085FFE6 /* CustomerProposalTableViewCell.xib */; };
		7084E9A61E07C60100EA5AE8 /* SPUserResizableView.m in Sources */ = {isa = PBXBuildFile; fileRef = 7084E9A51E07C60100EA5AE8 /* SPUserResizableView.m */; };
		709B44351E6D6942008058F3 /* loginView.m in Sources */ = {isa = PBXBuildFile; fileRef = 709B44341E6D6942008058F3 /* loginView.m */; };
		709B44371E6D6951008058F3 /* loginView.xib in Resources */ = {isa = PBXBuildFile; fileRef = 709B44361E6D6951008058F3 /* loginView.xib */; };
		709DDF221E3A33F200CE313C /* RightNavDrwaingToolsView.m in Sources */ = {isa = PBXBuildFile; fileRef = 709DDF211E3A33F200CE313C /* RightNavDrwaingToolsView.m */; };
		709DDF241E3A340500CE313C /* RightNavDrwaingToolsView.xib in Resources */ = {isa = PBXBuildFile; fileRef = 709DDF231E3A340500CE313C /* RightNavDrwaingToolsView.xib */; };
		709F4BD71E76B35200C8B8DA /* CustomProductView.m in Sources */ = {isa = PBXBuildFile; fileRef = 709F4BD61E76B35200C8B8DA /* CustomProductView.m */; };
		70BAF39A1E38C6520087C051 /* LeftNavDrawingToolsView.m in Sources */ = {isa = PBXBuildFile; fileRef = 70BAF3991E38C6520087C051 /* LeftNavDrawingToolsView.m */; };
		70BAF39C1E38C6760087C051 /* LeftNavDrawingToolsView.xib in Resources */ = {isa = PBXBuildFile; fileRef = 70BAF39B1E38C6760087C051 /* LeftNavDrawingToolsView.xib */; };
		70C216F51E6EC5B600464968 /* TutorialViewController.m in Sources */ = {isa = PBXBuildFile; fileRef = 70C216F41E6EC5B600464968 /* TutorialViewController.m */; };
		70CA54C71E7138F600F7FE67 /* iCarousel.m in Sources */ = {isa = PBXBuildFile; fileRef = 70CA54C61E7138F600F7FE67 /* iCarousel.m */; };
		70CA54D11E7172A700F7FE67 /* CustomTableViewCell.m in Sources */ = {isa = PBXBuildFile; fileRef = 70CA54CF1E7172A700F7FE67 /* CustomTableViewCell.m */; };
		70CA54D21E7172A700F7FE67 /* CustomTableViewCell.xib in Resources */ = {isa = PBXBuildFile; fileRef = 70CA54D01E7172A700F7FE67 /* CustomTableViewCell.xib */; };
		70CA54D71E7188FD00F7FE67 /* CustomerProposalsViewController.m in Sources */ = {isa = PBXBuildFile; fileRef = 70CA54D61E7188FD00F7FE67 /* CustomerProposalsViewController.m */; };
		70CF140F1DF431B20045CF8F /* BackButton@2x.png in Resources */ = {isa = PBXBuildFile; fileRef = 70CF140E1DF431B20045CF8F /* BackButton@2x.png */; };
		70CF14121DF43C180045CF8F /* IQDropDownTextField.m in Sources */ = {isa = PBXBuildFile; fileRef = 70CF14111DF43C180045CF8F /* IQDropDownTextField.m */; };
		70CF14151DF449350045CF8F /* CustomerRecordViewController.m in Sources */ = {isa = PBXBuildFile; fileRef = 70CF14141DF449350045CF8F /* CustomerRecordViewController.m */; };
		70CF19661E1CE03D00C90EDD /* FaqsViewController.m in Sources */ = {isa = PBXBuildFile; fileRef = 70CF19651E1CE03D00C90EDD /* FaqsViewController.m */; };
		70D6E8491E43426B007E3F2F /* SettingsViewController.m in Sources */ = {isa = PBXBuildFile; fileRef = 70D6E8481E43426B007E3F2F /* SettingsViewController.m */; };
		70D6E84C1E4351C7007E3F2F /* ShowPriceViewController.m in Sources */ = {isa = PBXBuildFile; fileRef = 70D6E84B1E4351C7007E3F2F /* ShowPriceViewController.m */; };
		70D6E8561E436495007E3F2F /* 1@2x.png in Resources */ = {isa = PBXBuildFile; fileRef = 70D6E84D1E436495007E3F2F /* 1@2x.png */; };
		70D6E8571E436495007E3F2F /* 2@2x.png in Resources */ = {isa = PBXBuildFile; fileRef = 70D6E84E1E436495007E3F2F /* 2@2x.png */; };
		70D6E8581E436495007E3F2F /* 3@2x.png in Resources */ = {isa = PBXBuildFile; fileRef = 70D6E84F1E436495007E3F2F /* 3@2x.png */; };
		70D6E8591E436495007E3F2F /* 4@2x.png in Resources */ = {isa = PBXBuildFile; fileRef = 70D6E8501E436495007E3F2F /* 4@2x.png */; };
		70D6E85A1E436495007E3F2F /* 5@2x.png in Resources */ = {isa = PBXBuildFile; fileRef = 70D6E8511E436495007E3F2F /* 5@2x.png */; };
		70D6E85B1E436495007E3F2F /* 6@2x.png in Resources */ = {isa = PBXBuildFile; fileRef = 70D6E8521E436495007E3F2F /* 6@2x.png */; };
		70D6E85C1E436495007E3F2F /* 7@2x.png in Resources */ = {isa = PBXBuildFile; fileRef = 70D6E8531E436495007E3F2F /* 7@2x.png */; };
		70D6E85D1E436495007E3F2F /* 8@2x.png in Resources */ = {isa = PBXBuildFile; fileRef = 70D6E8541E436495007E3F2F /* 8@2x.png */; };
		70D6E85E1E436495007E3F2F /* 9@2x.png in Resources */ = {isa = PBXBuildFile; fileRef = 70D6E8551E436495007E3F2F /* 9@2x.png */; };
		70EC80E01E067DB400A6D245 /* creat_new_customer@2x.png in Resources */ = {isa = PBXBuildFile; fileRef = 70EC80D51E067DB400A6D245 /* creat_new_customer@2x.png */; };
		70EC80E11E067DB400A6D245 /* log_out_@2x.png in Resources */ = {isa = PBXBuildFile; fileRef = 70EC80D61E067DB400A6D245 /* log_out_@2x.png */; };
		70EC80E21E067DB400A6D245 /* log_out@2x.png in Resources */ = {isa = PBXBuildFile; fileRef = 70EC80D71E067DB400A6D245 /* log_out@2x.png */; };
		70EC80E41E067DB400A6D245 /* old_proposal@2x.png in Resources */ = {isa = PBXBuildFile; fileRef = 70EC80D91E067DB400A6D245 /* old_proposal@2x.png */; };
		70EC80E51E067DB400A6D245 /* presentation@2x.png in Resources */ = {isa = PBXBuildFile; fileRef = 70EC80DA1E067DB400A6D245 /* presentation@2x.png */; };
		70EC80E61E067DB400A6D245 /* search@2x.png in Resources */ = {isa = PBXBuildFile; fileRef = 70EC80DB1E067DB400A6D245 /* search@2x.png */; };
		70EC80E71E067DB400A6D245 /* separator@2x.png in Resources */ = {isa = PBXBuildFile; fileRef = 70EC80DC1E067DB400A6D245 /* separator@2x.png */; };
		70EC80E81E067DB400A6D245 /* settings___@2x.png in Resources */ = {isa = PBXBuildFile; fileRef = 70EC80DD1E067DB400A6D245 /* settings___@2x.png */; };
		70EC80E91E067DB400A6D245 /* settings__@2x.png in Resources */ = {isa = PBXBuildFile; fileRef = 70EC80DE1E067DB400A6D245 /* settings__@2x.png */; };
		70EC80EA1E067DB400A6D245 /* traning_videos@2x.png in Resources */ = {isa = PBXBuildFile; fileRef = 70EC80DF1E067DB400A6D245 /* traning_videos@2x.png */; };
		70F0D9C91EB8BDC90043B80C /* items.plist in Resources */ = {isa = PBXBuildFile; fileRef = 70F0D9C81EB8BDC90043B80C /* items.plist */; };
		70FDF6191E094C1E00CF32EF /* customerList@2x.png in Resources */ = {isa = PBXBuildFile; fileRef = 70FDF6181E094C1E00CF32EF /* customerList@2x.png */; };
/* End PBXBuildFile section */

/* Begin PBXFileReference section */
		1D774B00CC6AFD6F82927CD9 /* libPods-Telesto Basement App.a */ = {isa = PBXFileReference; explicitFileType = archive.ar; includeInIndex = 0; path = "libPods-Telesto Basement App.a"; sourceTree = BUILT_PRODUCTS_DIR; };
		3B428ACA1DDB3E57008ADABF /* BaseViewController.h */ = {isa = PBXFileReference; fileEncoding = 4; lastKnownFileType = sourcecode.c.h; path = BaseViewController.h; sourceTree = "<group>"; };
		3B428ACB1DDB3E57008ADABF /* BaseViewController.m */ = {isa = PBXFileReference; fileEncoding = 4; lastKnownFileType = sourcecode.c.objc; path = BaseViewController.m; sourceTree = "<group>"; };
		3B69A9C51DDB0E4800163A80 /* TermsAndConditionViewController.h */ = {isa = PBXFileReference; fileEncoding = 4; lastKnownFileType = sourcecode.c.h; path = TermsAndConditionViewController.h; sourceTree = "<group>"; };
		3B69A9C61DDB0E4800163A80 /* TermsAndConditionViewController.m */ = {isa = PBXFileReference; fileEncoding = 4; lastKnownFileType = sourcecode.c.objc; path = TermsAndConditionViewController.m; sourceTree = "<group>"; };
		3B6EB8871DD845D900936AB9 /* Telesto Basement App.app */ = {isa = PBXFileReference; explicitFileType = wrapper.application; includeInIndex = 0; path = "Telesto Basement App.app"; sourceTree = BUILT_PRODUCTS_DIR; };
		3B6EB88B1DD845D900936AB9 /* main.m */ = {isa = PBXFileReference; lastKnownFileType = sourcecode.c.objc; path = main.m; sourceTree = "<group>"; };
		3B6EB88D1DD845D900936AB9 /* AppDelegate.h */ = {isa = PBXFileReference; lastKnownFileType = sourcecode.c.h; path = AppDelegate.h; sourceTree = "<group>"; };
		3B6EB88E1DD845D900936AB9 /* AppDelegate.m */ = {isa = PBXFileReference; lastKnownFileType = sourcecode.c.objc; path = AppDelegate.m; sourceTree = "<group>"; };
		3B6EB8941DD845D900936AB9 /* Base */ = {isa = PBXFileReference; lastKnownFileType = file.storyboard; name = Base; path = Base.lproj/Main.storyboard; sourceTree = "<group>"; };
		3B6EB8971DD845DA00936AB9 /* Telesto_Basement_App.xcdatamodel */ = {isa = PBXFileReference; lastKnownFileType = wrapper.xcdatamodel; path = Telesto_Basement_App.xcdatamodel; sourceTree = "<group>"; };
		3B6EB8991DD845DA00936AB9 /* Assets.xcassets */ = {isa = PBXFileReference; lastKnownFileType = folder.assetcatalog; path = Assets.xcassets; sourceTree = "<group>"; };
		3B6EB89C1DD845DA00936AB9 /* Base */ = {isa = PBXFileReference; lastKnownFileType = file.storyboard; name = Base; path = Base.lproj/LaunchScreen.storyboard; sourceTree = "<group>"; };
		3B6EB89E1DD845DA00936AB9 /* Info.plist */ = {isa = PBXFileReference; lastKnownFileType = text.plist.xml; path = Info.plist; sourceTree = "<group>"; };
		3BAFAD5F1E43CC77009F6392 /* Telesto Basement App.entitlements */ = {isa = PBXFileReference; lastKnownFileType = text.plist.entitlements; path = "Telesto Basement App.entitlements"; sourceTree = "<group>"; };
		474EE36DEBC3BD902C3C33C8 /* Pods-Telesto Basement App.debug.xcconfig */ = {isa = PBXFileReference; includeInIndex = 1; lastKnownFileType = text.xcconfig; name = "Pods-Telesto Basement App.debug.xcconfig"; path = "Pods/Target Support Files/Pods-Telesto Basement App/Pods-Telesto Basement App.debug.xcconfig"; sourceTree = "<group>"; };
		70015E961DF6913200DF542E /* Utility.h */ = {isa = PBXFileReference; fileEncoding = 4; lastKnownFileType = sourcecode.c.h; path = Utility.h; sourceTree = "<group>"; };
		70015E971DF6913200DF542E /* Utility.m */ = {isa = PBXFileReference; fileEncoding = 4; lastKnownFileType = sourcecode.c.objc; path = Utility.m; sourceTree = "<group>"; };
		70015E9C1DF69BEF00DF542E /* HttpHelper.h */ = {isa = PBXFileReference; fileEncoding = 4; lastKnownFileType = sourcecode.c.h; path = HttpHelper.h; sourceTree = "<group>"; };
		70015E9D1DF69BEF00DF542E /* HttpHelper.m */ = {isa = PBXFileReference; fileEncoding = 4; lastKnownFileType = sourcecode.c.objc; path = HttpHelper.m; sourceTree = "<group>"; };
		700D524F1EB0B0A500B9732C /* CustomVideoPopUpView.xib */ = {isa = PBXFileReference; fileEncoding = 4; lastKnownFileType = file.xib; path = CustomVideoPopUpView.xib; sourceTree = "<group>"; };
		700D52511EB0B0C700B9732C /* CustomVideoPopUpView.h */ = {isa = PBXFileReference; fileEncoding = 4; lastKnownFileType = sourcecode.c.h; path = CustomVideoPopUpView.h; sourceTree = "<group>"; };
		700D52521EB0B0C700B9732C /* CustomVideoPopUpView.m */ = {isa = PBXFileReference; fileEncoding = 4; lastKnownFileType = sourcecode.c.objc; path = CustomVideoPopUpView.m; sourceTree = "<group>"; };
		7017E93E1DEFF608009FB76A /* reveal-icon.png */ = {isa = PBXFileReference; lastKnownFileType = image.png; path = "reveal-icon.png"; sourceTree = "<group>"; };
		7017E93F1DEFF608009FB76A /* reveal-icon@2x.png */ = {isa = PBXFileReference; lastKnownFileType = image.png; path = "reveal-icon@2x.png"; sourceTree = "<group>"; };
		7027C9B71E1CEEDA0062EB77 /* FZAccordionTableView.h */ = {isa = PBXFileReference; fileEncoding = 4; lastKnownFileType = sourcecode.c.h; name = FZAccordionTableView.h; path = FZAccordionTableView/FZAccordionTableView.h; sourceTree = "<group>"; };
		7027C9B81E1CEEDA0062EB77 /* FZAccordionTableView.m */ = {isa = PBXFileReference; fileEncoding = 4; lastKnownFileType = sourcecode.c.objc; name = FZAccordionTableView.m; path = FZAccordionTableView/FZAccordionTableView.m; sourceTree = "<group>"; };
		7027C9BA1E1CEF5E0062EB77 /* AccordionHeaderView.h */ = {isa = PBXFileReference; fileEncoding = 4; lastKnownFileType = sourcecode.c.h; name = AccordionHeaderView.h; path = FZAccordionTableView/AccordionHeaderView.h; sourceTree = "<group>"; };
		7027C9BB1E1CEF5E0062EB77 /* AccordionHeaderView.m */ = {isa = PBXFileReference; fileEncoding = 4; lastKnownFileType = sourcecode.c.objc; name = AccordionHeaderView.m; path = FZAccordionTableView/AccordionHeaderView.m; sourceTree = "<group>"; };
		7027C9BC1E1CEF5E0062EB77 /* AccordionHeaderView.xib */ = {isa = PBXFileReference; fileEncoding = 4; lastKnownFileType = file.xib; name = AccordionHeaderView.xib; path = FZAccordionTableView/AccordionHeaderView.xib; sourceTree = "<group>"; };
		7027C9BF1E1D15760062EB77 /* UserProfileViewController.h */ = {isa = PBXFileReference; fileEncoding = 4; lastKnownFileType = sourcecode.c.h; path = UserProfileViewController.h; sourceTree = "<group>"; };
		7027C9C01E1D15760062EB77 /* UserProfileViewController.m */ = {isa = PBXFileReference; fileEncoding = 4; lastKnownFileType = sourcecode.c.objc; path = UserProfileViewController.m; sourceTree = "<group>"; };
		7027C9C21E1D35950062EB77 /* ProposalViewController.h */ = {isa = PBXFileReference; fileEncoding = 4; lastKnownFileType = sourcecode.c.h; path = ProposalViewController.h; sourceTree = "<group>"; };
		7027C9C31E1D35950062EB77 /* ProposalViewController.m */ = {isa = PBXFileReference; fileEncoding = 4; lastKnownFileType = sourcecode.c.objc; path = ProposalViewController.m; sourceTree = "<group>"; };
		702BD7F11E7FFD6F008F786C /* CustomTemplateNameView.xib */ = {isa = PBXFileReference; fileEncoding = 4; lastKnownFileType = file.xib; path = CustomTemplateNameView.xib; sourceTree = "<group>"; };
		702BD7F31E7FFE0F008F786C /* CustomTemplateNameView.h */ = {isa = PBXFileReference; fileEncoding = 4; lastKnownFileType = sourcecode.c.h; path = CustomTemplateNameView.h; sourceTree = "<group>"; };
		702BD7F41E7FFE0F008F786C /* CustomTemplateNameView.m */ = {isa = PBXFileReference; fileEncoding = 4; lastKnownFileType = sourcecode.c.objc; path = CustomTemplateNameView.m; sourceTree = "<group>"; };
		703C35851EBA16DE00448B1A /* GalleryItem.h */ = {isa = PBXFileReference; fileEncoding = 4; lastKnownFileType = sourcecode.c.h; path = GalleryItem.h; sourceTree = "<group>"; };
		703C35861EBA16DE00448B1A /* GalleryItem.m */ = {isa = PBXFileReference; fileEncoding = 4; lastKnownFileType = sourcecode.c.objc; path = GalleryItem.m; sourceTree = "<group>"; };
		704B688F1E13C9C000E6537D /* QuartzCore.framework */ = {isa = PBXFileReference; lastKnownFileType = wrapper.framework; name = QuartzCore.framework; path = System/Library/Frameworks/QuartzCore.framework; sourceTree = SDKROOT; };
		704B689A1E13CD0900E6537D /* TemplatePopOverViewController.h */ = {isa = PBXFileReference; fileEncoding = 4; lastKnownFileType = sourcecode.c.h; path = TemplatePopOverViewController.h; sourceTree = "<group>"; };
		704B689B1E13CD0900E6537D /* TemplatePopOverViewController.m */ = {isa = PBXFileReference; fileEncoding = 4; lastKnownFileType = sourcecode.c.objc; path = TemplatePopOverViewController.m; sourceTree = "<group>"; };
		704B689D1E13E8B800E6537D /* 12.9_inch_iPad_Pro@2x-png.png */ = {isa = PBXFileReference; lastKnownFileType = image.png; path = "12.9_inch_iPad_Pro@2x-png.png"; sourceTree = "<group>"; };
		705B781B1E13C0B700161991 /* Temp8@2x.png */ = {isa = PBXFileReference; lastKnownFileType = image.png; path = "Temp8@2x.png"; sourceTree = "<group>"; };
		705B781C1E13C0B700161991 /* Temp7@2x.png */ = {isa = PBXFileReference; lastKnownFileType = image.png; path = "Temp7@2x.png"; sourceTree = "<group>"; };
		705B781D1E13C0B700161991 /* Temp6@2x.png */ = {isa = PBXFileReference; lastKnownFileType = image.png; path = "Temp6@2x.png"; sourceTree = "<group>"; };
		705B781E1E13C0B700161991 /* Temp5@2x.png */ = {isa = PBXFileReference; lastKnownFileType = image.png; path = "Temp5@2x.png"; sourceTree = "<group>"; };
		705B781F1E13C0B700161991 /* Temp4@2x.png */ = {isa = PBXFileReference; lastKnownFileType = image.png; path = "Temp4@2x.png"; sourceTree = "<group>"; };
		705B78201E13C0B700161991 /* Temp3@2x.png */ = {isa = PBXFileReference; lastKnownFileType = image.png; path = "Temp3@2x.png"; sourceTree = "<group>"; };
		705B78211E13C0B700161991 /* Temp2@2x.png */ = {isa = PBXFileReference; lastKnownFileType = image.png; path = "Temp2@2x.png"; sourceTree = "<group>"; };
		705B78221E13C0B700161991 /* Temp1@2x.png */ = {isa = PBXFileReference; lastKnownFileType = image.png; path = "Temp1@2x.png"; sourceTree = "<group>"; };
		705B782D1E13C71D00161991 /* CustomerInfoObject.h */ = {isa = PBXFileReference; fileEncoding = 4; lastKnownFileType = sourcecode.c.h; path = CustomerInfoObject.h; sourceTree = "<group>"; };
		705B782E1E13C71D00161991 /* CustomerInfoObject.m */ = {isa = PBXFileReference; fileEncoding = 4; lastKnownFileType = sourcecode.c.objc; path = CustomerInfoObject.m; sourceTree = "<group>"; };
		705B782F1E13C71D00161991 /* CustomerListViewController.h */ = {isa = PBXFileReference; fileEncoding = 4; lastKnownFileType = sourcecode.c.h; path = CustomerListViewController.h; sourceTree = "<group>"; };
		705B78301E13C71D00161991 /* CustomerListViewController.m */ = {isa = PBXFileReference; fileEncoding = 4; lastKnownFileType = sourcecode.c.objc; path = CustomerListViewController.m; sourceTree = "<group>"; };
		705B78311E13C71D00161991 /* DesignViewController.h */ = {isa = PBXFileReference; fileEncoding = 4; lastKnownFileType = sourcecode.c.h; path = DesignViewController.h; sourceTree = "<group>"; };
		705B78321E13C71D00161991 /* DesignViewController.m */ = {isa = PBXFileReference; fileEncoding = 4; lastKnownFileType = sourcecode.c.objc; path = DesignViewController.m; sourceTree = "<group>"; };
		705B78331E13C71D00161991 /* MenuViewController.h */ = {isa = PBXFileReference; fileEncoding = 4; lastKnownFileType = sourcecode.c.h; path = MenuViewController.h; sourceTree = "<group>"; };
		705B78341E13C71D00161991 /* MenuViewController.m */ = {isa = PBXFileReference; fileEncoding = 4; lastKnownFileType = sourcecode.c.objc; path = MenuViewController.m; sourceTree = "<group>"; };
		705B78351E13C71D00161991 /* OldProposalsViewController.h */ = {isa = PBXFileReference; fileEncoding = 4; lastKnownFileType = sourcecode.c.h; path = OldProposalsViewController.h; sourceTree = "<group>"; };
		705B78361E13C71D00161991 /* OldProposalsViewController.m */ = {isa = PBXFileReference; fileEncoding = 4; lastKnownFileType = sourcecode.c.objc; path = OldProposalsViewController.m; sourceTree = "<group>"; };
		705B78371E13C71D00161991 /* PresentationsViewController.h */ = {isa = PBXFileReference; fileEncoding = 4; lastKnownFileType = sourcecode.c.h; path = PresentationsViewController.h; sourceTree = "<group>"; };
		705B78381E13C71D00161991 /* PresentationsViewController.m */ = {isa = PBXFileReference; fileEncoding = 4; lastKnownFileType = sourcecode.c.objc; path = PresentationsViewController.m; sourceTree = "<group>"; };
		705B78391E13C71D00161991 /* SWRevealViewController.h */ = {isa = PBXFileReference; fileEncoding = 4; lastKnownFileType = sourcecode.c.h; path = SWRevealViewController.h; sourceTree = "<group>"; };
		705B783A1E13C71D00161991 /* SWRevealViewController.m */ = {isa = PBXFileReference; fileEncoding = 4; lastKnownFileType = sourcecode.c.objc; path = SWRevealViewController.m; sourceTree = "<group>"; };
		705B783B1E13C71D00161991 /* TrainingVideoViewController.h */ = {isa = PBXFileReference; fileEncoding = 4; lastKnownFileType = sourcecode.c.h; path = TrainingVideoViewController.h; sourceTree = "<group>"; };
		705B783C1E13C71D00161991 /* TrainingVideoViewController.m */ = {isa = PBXFileReference; fileEncoding = 4; lastKnownFileType = sourcecode.c.objc; path = TrainingVideoViewController.m; sourceTree = "<group>"; };
		705F64C31DF97B7000082D55 /* Roboto-Black.ttf */ = {isa = PBXFileReference; lastKnownFileType = file; path = "Roboto-Black.ttf"; sourceTree = "<group>"; };
		705F64C41DF97B7000082D55 /* Roboto-BlackItalic.ttf */ = {isa = PBXFileReference; lastKnownFileType = file; path = "Roboto-BlackItalic.ttf"; sourceTree = "<group>"; };
		705F64C51DF97B7000082D55 /* Roboto-Bold.ttf */ = {isa = PBXFileReference; lastKnownFileType = file; path = "Roboto-Bold.ttf"; sourceTree = "<group>"; };
		705F64C61DF97B7000082D55 /* Roboto-BoldItalic.ttf */ = {isa = PBXFileReference; lastKnownFileType = file; path = "Roboto-BoldItalic.ttf"; sourceTree = "<group>"; };
		705F64C71DF97B7000082D55 /* Roboto-Italic.ttf */ = {isa = PBXFileReference; lastKnownFileType = file; path = "Roboto-Italic.ttf"; sourceTree = "<group>"; };
		705F64C81DF97B7000082D55 /* Roboto-Light.ttf */ = {isa = PBXFileReference; lastKnownFileType = file; path = "Roboto-Light.ttf"; sourceTree = "<group>"; };
		705F64C91DF97B7000082D55 /* Roboto-LightItalic.ttf */ = {isa = PBXFileReference; lastKnownFileType = file; path = "Roboto-LightItalic.ttf"; sourceTree = "<group>"; };
		705F64CA1DF97B7000082D55 /* Roboto-Medium.ttf */ = {isa = PBXFileReference; lastKnownFileType = file; path = "Roboto-Medium.ttf"; sourceTree = "<group>"; };
		705F64CB1DF97B7000082D55 /* Roboto-MediumItalic.ttf */ = {isa = PBXFileReference; lastKnownFileType = file; path = "Roboto-MediumItalic.ttf"; sourceTree = "<group>"; };
		705F64CC1DF97B7000082D55 /* Roboto-Regular.ttf */ = {isa = PBXFileReference; lastKnownFileType = file; path = "Roboto-Regular.ttf"; sourceTree = "<group>"; };
		705F64CD1DF97B7000082D55 /* Roboto-Thin.ttf */ = {isa = PBXFileReference; lastKnownFileType = file; path = "Roboto-Thin.ttf"; sourceTree = "<group>"; };
		705F64CE1DF97B7000082D55 /* Roboto-ThinItalic.ttf */ = {isa = PBXFileReference; lastKnownFileType = file; path = "Roboto-ThinItalic.ttf"; sourceTree = "<group>"; };
		705F64CF1DF97B7000082D55 /* RobotoCondensed-Bold.ttf */ = {isa = PBXFileReference; lastKnownFileType = file; path = "RobotoCondensed-Bold.ttf"; sourceTree = "<group>"; };
		705F64D01DF97B7000082D55 /* RobotoCondensed-BoldItalic.ttf */ = {isa = PBXFileReference; lastKnownFileType = file; path = "RobotoCondensed-BoldItalic.ttf"; sourceTree = "<group>"; };
		705F64D11DF97B7000082D55 /* RobotoCondensed-Italic.ttf */ = {isa = PBXFileReference; lastKnownFileType = file; path = "RobotoCondensed-Italic.ttf"; sourceTree = "<group>"; };
		705F64D21DF97B7000082D55 /* RobotoCondensed-Light.ttf */ = {isa = PBXFileReference; lastKnownFileType = file; path = "RobotoCondensed-Light.ttf"; sourceTree = "<group>"; };
		705F64D31DF97B7000082D55 /* RobotoCondensed-LightItalic.ttf */ = {isa = PBXFileReference; lastKnownFileType = file; path = "RobotoCondensed-LightItalic.ttf"; sourceTree = "<group>"; };
		705F64D41DF97B7000082D55 /* RobotoCondensed-Regular.ttf */ = {isa = PBXFileReference; lastKnownFileType = file; path = "RobotoCondensed-Regular.ttf"; sourceTree = "<group>"; };
		705F64E81DF97F2600082D55 /* telesto-logo@2x.png */ = {isa = PBXFileReference; lastKnownFileType = image.png; path = "telesto-logo@2x.png"; sourceTree = "<group>"; };
		705F64E91DF97F2600082D55 /* userName@2x.png */ = {isa = PBXFileReference; lastKnownFileType = image.png; path = "userName@2x.png"; sourceTree = "<group>"; };
		705F64ED1DF97F5A00082D55 /* passwordIcon@2x.png */ = {isa = PBXFileReference; lastKnownFileType = image.png; path = "passwordIcon@2x.png"; sourceTree = "<group>"; };
		706286171DED939A0022E105 /* PageContentViewController.h */ = {isa = PBXFileReference; fileEncoding = 4; lastKnownFileType = sourcecode.c.h; path = PageContentViewController.h; sourceTree = "<group>"; };
		706286181DED939A0022E105 /* PageContentViewController.m */ = {isa = PBXFileReference; fileEncoding = 4; lastKnownFileType = sourcecode.c.objc; path = PageContentViewController.m; sourceTree = "<group>"; };
		70641E531E72AE660085FFE6 /* CustomerProposalTableViewCell.h */ = {isa = PBXFileReference; fileEncoding = 4; lastKnownFileType = sourcecode.c.h; path = CustomerProposalTableViewCell.h; sourceTree = "<group>"; };
		70641E541E72AE660085FFE6 /* CustomerProposalTableViewCell.m */ = {isa = PBXFileReference; fileEncoding = 4; lastKnownFileType = sourcecode.c.objc; path = CustomerProposalTableViewCell.m; sourceTree = "<group>"; };
		70641E551E72AE660085FFE6 /* CustomerProposalTableViewCell.xib */ = {isa = PBXFileReference; fileEncoding = 4; lastKnownFileType = file.xib; path = CustomerProposalTableViewCell.xib; sourceTree = "<group>"; };
		7084E9A41E07C60100EA5AE8 /* SPUserResizableView.h */ = {isa = PBXFileReference; fileEncoding = 4; lastKnownFileType = sourcecode.c.h; path = SPUserResizableView.h; sourceTree = "<group>"; };
		7084E9A51E07C60100EA5AE8 /* SPUserResizableView.m */ = {isa = PBXFileReference; fileEncoding = 4; lastKnownFileType = sourcecode.c.objc; path = SPUserResizableView.m; sourceTree = "<group>"; };
		709B44331E6D6942008058F3 /* loginView.h */ = {isa = PBXFileReference; fileEncoding = 4; lastKnownFileType = sourcecode.c.h; path = loginView.h; sourceTree = "<group>"; };
		709B44341E6D6942008058F3 /* loginView.m */ = {isa = PBXFileReference; fileEncoding = 4; lastKnownFileType = sourcecode.c.objc; path = loginView.m; sourceTree = "<group>"; };
		709B44361E6D6951008058F3 /* loginView.xib */ = {isa = PBXFileReference; fileEncoding = 4; lastKnownFileType = file.xib; path = loginView.xib; sourceTree = "<group>"; };
		709DDF201E3A33F200CE313C /* RightNavDrwaingToolsView.h */ = {isa = PBXFileReference; fileEncoding = 4; lastKnownFileType = sourcecode.c.h; path = RightNavDrwaingToolsView.h; sourceTree = "<group>"; };
		709DDF211E3A33F200CE313C /* RightNavDrwaingToolsView.m */ = {isa = PBXFileReference; fileEncoding = 4; lastKnownFileType = sourcecode.c.objc; path = RightNavDrwaingToolsView.m; sourceTree = "<group>"; };
		709DDF231E3A340500CE313C /* RightNavDrwaingToolsView.xib */ = {isa = PBXFileReference; fileEncoding = 4; lastKnownFileType = file.xib; path = RightNavDrwaingToolsView.xib; sourceTree = "<group>"; };
		709F4BD51E76B35200C8B8DA /* CustomProductView.h */ = {isa = PBXFileReference; fileEncoding = 4; lastKnownFileType = sourcecode.c.h; path = CustomProductView.h; sourceTree = "<group>"; };
		709F4BD61E76B35200C8B8DA /* CustomProductView.m */ = {isa = PBXFileReference; fileEncoding = 4; lastKnownFileType = sourcecode.c.objc; path = CustomProductView.m; sourceTree = "<group>"; };
		70BAF3981E38C6520087C051 /* LeftNavDrawingToolsView.h */ = {isa = PBXFileReference; fileEncoding = 4; lastKnownFileType = sourcecode.c.h; path = LeftNavDrawingToolsView.h; sourceTree = "<group>"; };
		70BAF3991E38C6520087C051 /* LeftNavDrawingToolsView.m */ = {isa = PBXFileReference; fileEncoding = 4; lastKnownFileType = sourcecode.c.objc; path = LeftNavDrawingToolsView.m; sourceTree = "<group>"; };
		70BAF39B1E38C6760087C051 /* LeftNavDrawingToolsView.xib */ = {isa = PBXFileReference; fileEncoding = 4; lastKnownFileType = file.xib; path = LeftNavDrawingToolsView.xib; sourceTree = "<group>"; };
		70C216F31E6EC5B600464968 /* TutorialViewController.h */ = {isa = PBXFileReference; fileEncoding = 4; lastKnownFileType = sourcecode.c.h; path = TutorialViewController.h; sourceTree = "<group>"; };
		70C216F41E6EC5B600464968 /* TutorialViewController.m */ = {isa = PBXFileReference; fileEncoding = 4; lastKnownFileType = sourcecode.c.objc; path = TutorialViewController.m; sourceTree = "<group>"; };
		70CA54C51E7138F600F7FE67 /* iCarousel.h */ = {isa = PBXFileReference; fileEncoding = 4; lastKnownFileType = sourcecode.c.h; path = iCarousel.h; sourceTree = "<group>"; };
		70CA54C61E7138F600F7FE67 /* iCarousel.m */ = {isa = PBXFileReference; fileEncoding = 4; lastKnownFileType = sourcecode.c.objc; path = iCarousel.m; sourceTree = "<group>"; };
		70CA54CE1E7172A700F7FE67 /* CustomTableViewCell.h */ = {isa = PBXFileReference; fileEncoding = 4; lastKnownFileType = sourcecode.c.h; path = CustomTableViewCell.h; sourceTree = "<group>"; };
		70CA54CF1E7172A700F7FE67 /* CustomTableViewCell.m */ = {isa = PBXFileReference; fileEncoding = 4; lastKnownFileType = sourcecode.c.objc; path = CustomTableViewCell.m; sourceTree = "<group>"; };
		70CA54D01E7172A700F7FE67 /* CustomTableViewCell.xib */ = {isa = PBXFileReference; fileEncoding = 4; lastKnownFileType = file.xib; path = CustomTableViewCell.xib; sourceTree = "<group>"; };
		70CA54D51E7188FD00F7FE67 /* CustomerProposalsViewController.h */ = {isa = PBXFileReference; fileEncoding = 4; lastKnownFileType = sourcecode.c.h; path = CustomerProposalsViewController.h; sourceTree = "<group>"; };
		70CA54D61E7188FD00F7FE67 /* CustomerProposalsViewController.m */ = {isa = PBXFileReference; fileEncoding = 4; lastKnownFileType = sourcecode.c.objc; path = CustomerProposalsViewController.m; sourceTree = "<group>"; };
		70CF140E1DF431B20045CF8F /* BackButton@2x.png */ = {isa = PBXFileReference; lastKnownFileType = image.png; path = "BackButton@2x.png"; sourceTree = "<group>"; };
		70CF14101DF43C180045CF8F /* IQDropDownTextField.h */ = {isa = PBXFileReference; fileEncoding = 4; lastKnownFileType = sourcecode.c.h; path = IQDropDownTextField.h; sourceTree = "<group>"; };
		70CF14111DF43C180045CF8F /* IQDropDownTextField.m */ = {isa = PBXFileReference; fileEncoding = 4; lastKnownFileType = sourcecode.c.objc; path = IQDropDownTextField.m; sourceTree = "<group>"; };
		70CF14131DF449350045CF8F /* CustomerRecordViewController.h */ = {isa = PBXFileReference; fileEncoding = 4; lastKnownFileType = sourcecode.c.h; path = CustomerRecordViewController.h; sourceTree = "<group>"; };
		70CF14141DF449350045CF8F /* CustomerRecordViewController.m */ = {isa = PBXFileReference; fileEncoding = 4; lastKnownFileType = sourcecode.c.objc; path = CustomerRecordViewController.m; sourceTree = "<group>"; };
		70CF19641E1CE03D00C90EDD /* FaqsViewController.h */ = {isa = PBXFileReference; fileEncoding = 4; lastKnownFileType = sourcecode.c.h; path = FaqsViewController.h; sourceTree = "<group>"; };
		70CF19651E1CE03D00C90EDD /* FaqsViewController.m */ = {isa = PBXFileReference; fileEncoding = 4; lastKnownFileType = sourcecode.c.objc; path = FaqsViewController.m; sourceTree = "<group>"; };
		70D6E8471E43426B007E3F2F /* SettingsViewController.h */ = {isa = PBXFileReference; fileEncoding = 4; lastKnownFileType = sourcecode.c.h; path = SettingsViewController.h; sourceTree = "<group>"; };
		70D6E8481E43426B007E3F2F /* SettingsViewController.m */ = {isa = PBXFileReference; fileEncoding = 4; lastKnownFileType = sourcecode.c.objc; path = SettingsViewController.m; sourceTree = "<group>"; };
		70D6E84A1E4351C7007E3F2F /* ShowPriceViewController.h */ = {isa = PBXFileReference; fileEncoding = 4; lastKnownFileType = sourcecode.c.h; path = ShowPriceViewController.h; sourceTree = "<group>"; };
		70D6E84B1E4351C7007E3F2F /* ShowPriceViewController.m */ = {isa = PBXFileReference; fileEncoding = 4; lastKnownFileType = sourcecode.c.objc; path = ShowPriceViewController.m; sourceTree = "<group>"; };
		70D6E84D1E436495007E3F2F /* 1@2x.png */ = {isa = PBXFileReference; lastKnownFileType = image.png; path = "1@2x.png"; sourceTree = "<group>"; };
		70D6E84E1E436495007E3F2F /* 2@2x.png */ = {isa = PBXFileReference; lastKnownFileType = image.png; path = "2@2x.png"; sourceTree = "<group>"; };
		70D6E84F1E436495007E3F2F /* 3@2x.png */ = {isa = PBXFileReference; lastKnownFileType = image.png; path = "3@2x.png"; sourceTree = "<group>"; };
		70D6E8501E436495007E3F2F /* 4@2x.png */ = {isa = PBXFileReference; lastKnownFileType = image.png; path = "4@2x.png"; sourceTree = "<group>"; };
		70D6E8511E436495007E3F2F /* 5@2x.png */ = {isa = PBXFileReference; lastKnownFileType = image.png; path = "5@2x.png"; sourceTree = "<group>"; };
		70D6E8521E436495007E3F2F /* 6@2x.png */ = {isa = PBXFileReference; lastKnownFileType = image.png; path = "6@2x.png"; sourceTree = "<group>"; };
		70D6E8531E436495007E3F2F /* 7@2x.png */ = {isa = PBXFileReference; lastKnownFileType = image.png; path = "7@2x.png"; sourceTree = "<group>"; };
		70D6E8541E436495007E3F2F /* 8@2x.png */ = {isa = PBXFileReference; lastKnownFileType = image.png; path = "8@2x.png"; sourceTree = "<group>"; };
		70D6E8551E436495007E3F2F /* 9@2x.png */ = {isa = PBXFileReference; lastKnownFileType = image.png; path = "9@2x.png"; sourceTree = "<group>"; };
		70EC80D51E067DB400A6D245 /* creat_new_customer@2x.png */ = {isa = PBXFileReference; lastKnownFileType = image.png; path = "creat_new_customer@2x.png"; sourceTree = "<group>"; };
		70EC80D61E067DB400A6D245 /* log_out_@2x.png */ = {isa = PBXFileReference; lastKnownFileType = image.png; path = "log_out_@2x.png"; sourceTree = "<group>"; };
		70EC80D71E067DB400A6D245 /* log_out@2x.png */ = {isa = PBXFileReference; lastKnownFileType = image.png; path = "log_out@2x.png"; sourceTree = "<group>"; };
		70EC80D91E067DB400A6D245 /* old_proposal@2x.png */ = {isa = PBXFileReference; lastKnownFileType = image.png; path = "old_proposal@2x.png"; sourceTree = "<group>"; };
		70EC80DA1E067DB400A6D245 /* presentation@2x.png */ = {isa = PBXFileReference; lastKnownFileType = image.png; path = "presentation@2x.png"; sourceTree = "<group>"; };
		70EC80DB1E067DB400A6D245 /* search@2x.png */ = {isa = PBXFileReference; lastKnownFileType = image.png; path = "search@2x.png"; sourceTree = "<group>"; };
		70EC80DC1E067DB400A6D245 /* separator@2x.png */ = {isa = PBXFileReference; lastKnownFileType = image.png; path = "separator@2x.png"; sourceTree = "<group>"; };
		70EC80DD1E067DB400A6D245 /* settings___@2x.png */ = {isa = PBXFileReference; lastKnownFileType = image.png; path = "settings___@2x.png"; sourceTree = "<group>"; };
		70EC80DE1E067DB400A6D245 /* settings__@2x.png */ = {isa = PBXFileReference; lastKnownFileType = image.png; path = "settings__@2x.png"; sourceTree = "<group>"; };
		70EC80DF1E067DB400A6D245 /* traning_videos@2x.png */ = {isa = PBXFileReference; lastKnownFileType = image.png; path = "traning_videos@2x.png"; sourceTree = "<group>"; };
		70F0D9C81EB8BDC90043B80C /* items.plist */ = {isa = PBXFileReference; fileEncoding = 4; lastKnownFileType = text.plist.xml; path = items.plist; sourceTree = "<group>"; };
		70FDF6181E094C1E00CF32EF /* customerList@2x.png */ = {isa = PBXFileReference; lastKnownFileType = image.png; path = "customerList@2x.png"; sourceTree = "<group>"; };
		C60A664EF7D6CA664CB25D5C /* Pods-Telesto Basement App.release.xcconfig */ = {isa = PBXFileReference; includeInIndex = 1; lastKnownFileType = text.xcconfig; name = "Pods-Telesto Basement App.release.xcconfig"; path = "Pods/Target Support Files/Pods-Telesto Basement App/Pods-Telesto Basement App.release.xcconfig"; sourceTree = "<group>"; };
/* End PBXFileReference section */

/* Begin PBXFrameworksBuildPhase section */
		3B6EB8841DD845D900936AB9 /* Frameworks */ = {
			isa = PBXFrameworksBuildPhase;
			buildActionMask = 2147483647;
			files = (
				704B68901E13C9C000E6537D /* QuartzCore.framework in Frameworks */,
				167AB7714A412FA773401D90 /* libPods-Telesto Basement App.a in Frameworks */,
			);
			runOnlyForDeploymentPostprocessing = 0;
		};
/* End PBXFrameworksBuildPhase section */

/* Begin PBXGroup section */
		3B6EB87E1DD845D900936AB9 = {
			isa = PBXGroup;
			children = (
				3B6EB8891DD845D900936AB9 /* Telesto Basement App */,
				3B6EB8881DD845D900936AB9 /* Products */,
				704B688E1E13C9C000E6537D /* Frameworks */,
				94C13A06E1B0BEC60A7B633E /* Pods */,
			);
			sourceTree = "<group>";
		};
		3B6EB8881DD845D900936AB9 /* Products */ = {
			isa = PBXGroup;
			children = (
				3B6EB8871DD845D900936AB9 /* Telesto Basement App.app */,
			);
			name = Products;
			sourceTree = "<group>";
		};
		3B6EB8891DD845D900936AB9 /* Telesto Basement App */ = {
			isa = PBXGroup;
			children = (
				3BAFAD5F1E43CC77009F6392 /* Telesto Basement App.entitlements */,
				7027C9B61E1CEEBA0062EB77 /* ColapsableTableView */,
				704B68931E13CB7B00E6537D /* Custom PopOver */,
				704B68911E13CA6200E6537D /* Controllers */,
				705B782C1E13C6C800161991 /* SW */,
				70015E941DF690E100DF542E /* Models */,
				3B6EB8931DD845D900936AB9 /* Main.storyboard */,
				3B6EB8991DD845DA00936AB9 /* Assets.xcassets */,
				704B689D1E13E8B800E6537D /* 12.9_inch_iPad_Pro@2x-png.png */,
				70015E951DF6910500DF542E /* Images */,
				3B6EB89B1DD845DA00936AB9 /* LaunchScreen.storyboard */,
				3B6EB89E1DD845DA00936AB9 /* Info.plist */,
				3B6EB8961DD845DA00936AB9 /* Telesto_Basement_App.xcdatamodeld */,
				3B6EB88A1DD845D900936AB9 /* Supporting Files */,
			);
			path = "Telesto Basement App";
			sourceTree = "<group>";
		};
		3B6EB88A1DD845D900936AB9 /* Supporting Files */ = {
			isa = PBXGroup;
			children = (
				7084E9A41E07C60100EA5AE8 /* SPUserResizableView.h */,
				7084E9A51E07C60100EA5AE8 /* SPUserResizableView.m */,
				705F64C21DF97B5500082D55 /* Font */,
				70CF14101DF43C180045CF8F /* IQDropDownTextField.h */,
				70CF14111DF43C180045CF8F /* IQDropDownTextField.m */,
				3B6EB88B1DD845D900936AB9 /* main.m */,
			);
			name = "Supporting Files";
			sourceTree = "<group>";
		};
		70015E941DF690E100DF542E /* Models */ = {
			isa = PBXGroup;
			children = (
				70015E9C1DF69BEF00DF542E /* HttpHelper.h */,
				70015E9D1DF69BEF00DF542E /* HttpHelper.m */,
				70015E961DF6913200DF542E /* Utility.h */,
				70015E971DF6913200DF542E /* Utility.m */,
			);
			name = Models;
			sourceTree = "<group>";
		};
		70015E951DF6910500DF542E /* Images */ = {
			isa = PBXGroup;
			children = (
				70D6E84D1E436495007E3F2F /* 1@2x.png */,
				70D6E84E1E436495007E3F2F /* 2@2x.png */,
				70D6E84F1E436495007E3F2F /* 3@2x.png */,
				70D6E8501E436495007E3F2F /* 4@2x.png */,
				70D6E8511E436495007E3F2F /* 5@2x.png */,
				70D6E8521E436495007E3F2F /* 6@2x.png */,
				70D6E8531E436495007E3F2F /* 7@2x.png */,
				70D6E8541E436495007E3F2F /* 8@2x.png */,
				70D6E8551E436495007E3F2F /* 9@2x.png */,
				70FDF6181E094C1E00CF32EF /* customerList@2x.png */,
				70EC80D51E067DB400A6D245 /* creat_new_customer@2x.png */,
				70EC80D61E067DB400A6D245 /* log_out_@2x.png */,
				70EC80D71E067DB400A6D245 /* log_out@2x.png */,
				70EC80D91E067DB400A6D245 /* old_proposal@2x.png */,
				70EC80DA1E067DB400A6D245 /* presentation@2x.png */,
				70EC80DB1E067DB400A6D245 /* search@2x.png */,
				70EC80DC1E067DB400A6D245 /* separator@2x.png */,
				70EC80DD1E067DB400A6D245 /* settings___@2x.png */,
				70EC80DE1E067DB400A6D245 /* settings__@2x.png */,
				70EC80DF1E067DB400A6D245 /* traning_videos@2x.png */,
				705F64ED1DF97F5A00082D55 /* passwordIcon@2x.png */,
				705F64E81DF97F2600082D55 /* telesto-logo@2x.png */,
				705F64E91DF97F2600082D55 /* userName@2x.png */,
				70CF140E1DF431B20045CF8F /* BackButton@2x.png */,
				7017E93E1DEFF608009FB76A /* reveal-icon.png */,
				7017E93F1DEFF608009FB76A /* reveal-icon@2x.png */,
				705B781B1E13C0B700161991 /* Temp8@2x.png */,
				705B781C1E13C0B700161991 /* Temp7@2x.png */,
				705B781D1E13C0B700161991 /* Temp6@2x.png */,
				705B781E1E13C0B700161991 /* Temp5@2x.png */,
				705B781F1E13C0B700161991 /* Temp4@2x.png */,
				705B78201E13C0B700161991 /* Temp3@2x.png */,
				705B78211E13C0B700161991 /* Temp2@2x.png */,
				705B78221E13C0B700161991 /* Temp1@2x.png */,
			);
			name = Images;
			sourceTree = "<group>";
		};
		7027C9B61E1CEEBA0062EB77 /* ColapsableTableView */ = {
			isa = PBXGroup;
			children = (
				7027C9B71E1CEEDA0062EB77 /* FZAccordionTableView.h */,
				7027C9B81E1CEEDA0062EB77 /* FZAccordionTableView.m */,
				7027C9BA1E1CEF5E0062EB77 /* AccordionHeaderView.h */,
				7027C9BB1E1CEF5E0062EB77 /* AccordionHeaderView.m */,
				7027C9BC1E1CEF5E0062EB77 /* AccordionHeaderView.xib */,
			);
			name = ColapsableTableView;
			sourceTree = "<group>";
		};
		704B688E1E13C9C000E6537D /* Frameworks */ = {
			isa = PBXGroup;
			children = (
				704B688F1E13C9C000E6537D /* QuartzCore.framework */,
				1D774B00CC6AFD6F82927CD9 /* libPods-Telesto Basement App.a */,
			);
			name = Frameworks;
			sourceTree = "<group>";
		};
		704B68911E13CA6200E6537D /* Controllers */ = {
			isa = PBXGroup;
			children = (
				70CA54C41E71389300F7FE67 /* Login */,
				3B6EB88D1DD845D900936AB9 /* AppDelegate.h */,
				3B6EB88E1DD845D900936AB9 /* AppDelegate.m */,
				70CF14131DF449350045CF8F /* CustomerRecordViewController.h */,
				70CF14141DF449350045CF8F /* CustomerRecordViewController.m */,
				706286171DED939A0022E105 /* PageContentViewController.h */,
				706286181DED939A0022E105 /* PageContentViewController.m */,
				70CF19641E1CE03D00C90EDD /* FaqsViewController.h */,
				70CF19651E1CE03D00C90EDD /* FaqsViewController.m */,
				7027C9BF1E1D15760062EB77 /* UserProfileViewController.h */,
				7027C9C01E1D15760062EB77 /* UserProfileViewController.m */,
				7027C9C21E1D35950062EB77 /* ProposalViewController.h */,
				7027C9C31E1D35950062EB77 /* ProposalViewController.m */,
			);
			name = Controllers;
			sourceTree = "<group>";
		};
		704B68931E13CB7B00E6537D /* Custom PopOver */ = {
			isa = PBXGroup;
			children = (
				704B689A1E13CD0900E6537D /* TemplatePopOverViewController.h */,
				704B689B1E13CD0900E6537D /* TemplatePopOverViewController.m */,
			);
			name = "Custom PopOver";
			sourceTree = "<group>";
		};
		705B782C1E13C6C800161991 /* SW */ = {
			isa = PBXGroup;
			children = (
				70BFBF571E781549007F0862 /* Menu Controllers */,
				709F4BD41E76B30C00C8B8DA /* Design Window */,
				70CA54D41E7188CB00F7FE67 /* Customer Proposals */,
				70CA54C81E71612500F7FE67 /* CustomerList */,
			);
			name = SW;
			sourceTree = "<group>";
		};
		705F64C21DF97B5500082D55 /* Font */ = {
			isa = PBXGroup;
			children = (
				705F64C31DF97B7000082D55 /* Roboto-Black.ttf */,
				705F64C41DF97B7000082D55 /* Roboto-BlackItalic.ttf */,
				705F64C51DF97B7000082D55 /* Roboto-Bold.ttf */,
				705F64C61DF97B7000082D55 /* Roboto-BoldItalic.ttf */,
				705F64C71DF97B7000082D55 /* Roboto-Italic.ttf */,
				705F64C81DF97B7000082D55 /* Roboto-Light.ttf */,
				705F64C91DF97B7000082D55 /* Roboto-LightItalic.ttf */,
				705F64CA1DF97B7000082D55 /* Roboto-Medium.ttf */,
				705F64CB1DF97B7000082D55 /* Roboto-MediumItalic.ttf */,
				705F64CC1DF97B7000082D55 /* Roboto-Regular.ttf */,
				705F64CD1DF97B7000082D55 /* Roboto-Thin.ttf */,
				705F64CE1DF97B7000082D55 /* Roboto-ThinItalic.ttf */,
				705F64CF1DF97B7000082D55 /* RobotoCondensed-Bold.ttf */,
				705F64D01DF97B7000082D55 /* RobotoCondensed-BoldItalic.ttf */,
				705F64D11DF97B7000082D55 /* RobotoCondensed-Italic.ttf */,
				705F64D21DF97B7000082D55 /* RobotoCondensed-Light.ttf */,
				705F64D31DF97B7000082D55 /* RobotoCondensed-LightItalic.ttf */,
				705F64D41DF97B7000082D55 /* RobotoCondensed-Regular.ttf */,
			);
			name = Font;
			sourceTree = "<group>";
		};
		709F4BD41E76B30C00C8B8DA /* Design Window */ = {
			isa = PBXGroup;
			children = (
				705B78311E13C71D00161991 /* DesignViewController.h */,
				705B78321E13C71D00161991 /* DesignViewController.m */,
				700D52511EB0B0C700B9732C /* CustomVideoPopUpView.h */,
				700D52521EB0B0C700B9732C /* CustomVideoPopUpView.m */,
				700D524F1EB0B0A500B9732C /* CustomVideoPopUpView.xib */,
				703C35851EBA16DE00448B1A /* GalleryItem.h */,
				703C35861EBA16DE00448B1A /* GalleryItem.m */,
				70F0D9C81EB8BDC90043B80C /* items.plist */,
				70D6E84A1E4351C7007E3F2F /* ShowPriceViewController.h */,
				70D6E84B1E4351C7007E3F2F /* ShowPriceViewController.m */,
				70BAF3981E38C6520087C051 /* LeftNavDrawingToolsView.h */,
				70BAF3991E38C6520087C051 /* LeftNavDrawingToolsView.m */,
				70BAF39B1E38C6760087C051 /* LeftNavDrawingToolsView.xib */,
				709DDF201E3A33F200CE313C /* RightNavDrwaingToolsView.h */,
				709DDF211E3A33F200CE313C /* RightNavDrwaingToolsView.m */,
				709DDF231E3A340500CE313C /* RightNavDrwaingToolsView.xib */,
				709F4BD51E76B35200C8B8DA /* CustomProductView.h */,
				709F4BD61E76B35200C8B8DA /* CustomProductView.m */,
				702BD7F31E7FFE0F008F786C /* CustomTemplateNameView.h */,
				702BD7F41E7FFE0F008F786C /* CustomTemplateNameView.m */,
				702BD7F11E7FFD6F008F786C /* CustomTemplateNameView.xib */,
			);
			name = "Design Window";
			sourceTree = "<group>";
		};
		70BFBF571E781549007F0862 /* Menu Controllers */ = {
			isa = PBXGroup;
			children = (
				705B78331E13C71D00161991 /* MenuViewController.h */,
				705B78341E13C71D00161991 /* MenuViewController.m */,
				705B78351E13C71D00161991 /* OldProposalsViewController.h */,
				705B78361E13C71D00161991 /* OldProposalsViewController.m */,
				705B78371E13C71D00161991 /* PresentationsViewController.h */,
				705B78381E13C71D00161991 /* PresentationsViewController.m */,
				705B78391E13C71D00161991 /* SWRevealViewController.h */,
				705B783A1E13C71D00161991 /* SWRevealViewController.m */,
				705B783B1E13C71D00161991 /* TrainingVideoViewController.h */,
				705B783C1E13C71D00161991 /* TrainingVideoViewController.m */,
				70D6E8471E43426B007E3F2F /* SettingsViewController.h */,
				70D6E8481E43426B007E3F2F /* SettingsViewController.m */,
			);
			name = "Menu Controllers";
			sourceTree = "<group>";
		};
		70CA54C41E71389300F7FE67 /* Login */ = {
			isa = PBXGroup;
			children = (
				3B69A9C51DDB0E4800163A80 /* TermsAndConditionViewController.h */,
				3B69A9C61DDB0E4800163A80 /* TermsAndConditionViewController.m */,
				3B428ACA1DDB3E57008ADABF /* BaseViewController.h */,
				3B428ACB1DDB3E57008ADABF /* BaseViewController.m */,
				70CA54C51E7138F600F7FE67 /* iCarousel.h */,
				70CA54C61E7138F600F7FE67 /* iCarousel.m */,
				70C216F31E6EC5B600464968 /* TutorialViewController.h */,
				70C216F41E6EC5B600464968 /* TutorialViewController.m */,
				709B44331E6D6942008058F3 /* loginView.h */,
				709B44341E6D6942008058F3 /* loginView.m */,
				709B44361E6D6951008058F3 /* loginView.xib */,
			);
			name = Login;
			sourceTree = "<group>";
		};
		70CA54C81E71612500F7FE67 /* CustomerList */ = {
			isa = PBXGroup;
			children = (
				705B782D1E13C71D00161991 /* CustomerInfoObject.h */,
				705B782E1E13C71D00161991 /* CustomerInfoObject.m */,
				705B782F1E13C71D00161991 /* CustomerListViewController.h */,
				705B78301E13C71D00161991 /* CustomerListViewController.m */,
				70CA54CE1E7172A700F7FE67 /* CustomTableViewCell.h */,
				70CA54CF1E7172A700F7FE67 /* CustomTableViewCell.m */,
				70CA54D01E7172A700F7FE67 /* CustomTableViewCell.xib */,
			);
			name = CustomerList;
			sourceTree = "<group>";
		};
		70CA54D41E7188CB00F7FE67 /* Customer Proposals */ = {
			isa = PBXGroup;
			children = (
				70CA54D51E7188FD00F7FE67 /* CustomerProposalsViewController.h */,
				70CA54D61E7188FD00F7FE67 /* CustomerProposalsViewController.m */,
				70641E531E72AE660085FFE6 /* CustomerProposalTableViewCell.h */,
				70641E541E72AE660085FFE6 /* CustomerProposalTableViewCell.m */,
				70641E551E72AE660085FFE6 /* CustomerProposalTableViewCell.xib */,
			);
			name = "Customer Proposals";
			sourceTree = "<group>";
		};
		94C13A06E1B0BEC60A7B633E /* Pods */ = {
			isa = PBXGroup;
			children = (
				474EE36DEBC3BD902C3C33C8 /* Pods-Telesto Basement App.debug.xcconfig */,
				C60A664EF7D6CA664CB25D5C /* Pods-Telesto Basement App.release.xcconfig */,
			);
			name = Pods;
			sourceTree = "<group>";
		};
/* End PBXGroup section */

/* Begin PBXNativeTarget section */
		3B6EB8861DD845D900936AB9 /* Telesto Basement App */ = {
			isa = PBXNativeTarget;
			buildConfigurationList = 3B6EB8A11DD845DA00936AB9 /* Build configuration list for PBXNativeTarget "Telesto Basement App" */;
			buildPhases = (
				8AB2CDAEBC3B0C38D337E226 /* [CP] Check Pods Manifest.lock */,
				3B6EB8831DD845D900936AB9 /* Sources */,
				3B6EB8841DD845D900936AB9 /* Frameworks */,
				3B6EB8851DD845D900936AB9 /* Resources */,
				5804329E731016E815D0EB82 /* [CP] Embed Pods Frameworks */,
				AB676D21A84387455BE0FF11 /* [CP] Copy Pods Resources */,
			);
			buildRules = (
			);
			dependencies = (
			);
			name = "Telesto Basement App";
			productName = "Telesto Basement App";
			productReference = 3B6EB8871DD845D900936AB9 /* Telesto Basement App.app */;
			productType = "com.apple.product-type.application";
		};
/* End PBXNativeTarget section */

/* Begin PBXProject section */
		3B6EB87F1DD845D900936AB9 /* Project object */ = {
			isa = PBXProject;
			attributes = {
				LastUpgradeCheck = 0820;
				ORGANIZATIONNAME = csm;
				TargetAttributes = {
					3B6EB8861DD845D900936AB9 = {
						CreatedOnToolsVersion = 8.1;
						DevelopmentTeam = 8Y534JBUBF;
						ProvisioningStyle = Automatic;
						SystemCapabilities = {
							com.apple.Push = {
								enabled = 1;
							};
						};
					};
				};
			};
			buildConfigurationList = 3B6EB8821DD845D900936AB9 /* Build configuration list for PBXProject "Telesto Basement App" */;
			compatibilityVersion = "Xcode 3.2";
			developmentRegion = English;
			hasScannedForEncodings = 0;
			knownRegions = (
				en,
				Base,
			);
			mainGroup = 3B6EB87E1DD845D900936AB9;
			productRefGroup = 3B6EB8881DD845D900936AB9 /* Products */;
			projectDirPath = "";
			projectRoot = "";
			targets = (
				3B6EB8861DD845D900936AB9 /* Telesto Basement App */,
			);
		};
/* End PBXProject section */

/* Begin PBXResourcesBuildPhase section */
		3B6EB8851DD845D900936AB9 /* Resources */ = {
			isa = PBXResourcesBuildPhase;
			buildActionMask = 2147483647;
			files = (
				70FDF6191E094C1E00CF32EF /* customerList@2x.png in Resources */,
				70D6E8591E436495007E3F2F /* 4@2x.png in Resources */,
				705B78291E13C0B700161991 /* Temp2@2x.png in Resources */,
				70EC80E61E067DB400A6D245 /* search@2x.png in Resources */,
				70EC80E21E067DB400A6D245 /* log_out@2x.png in Resources */,
				70EC80E71E067DB400A6D245 /* separator@2x.png in Resources */,
				70CA54D21E7172A700F7FE67 /* CustomTableViewCell.xib in Resources */,
				704B689E1E13E8B800E6537D /* 12.9_inch_iPad_Pro@2x-png.png in Resources */,
				70EC80E41E067DB400A6D245 /* old_proposal@2x.png in Resources */,
				3B6EB89D1DD845DA00936AB9 /* LaunchScreen.storyboard in Resources */,
				705F64EC1DF97F2600082D55 /* userName@2x.png in Resources */,
				705F64D71DF97B7000082D55 /* Roboto-Bold.ttf in Resources */,
				7017E9411DEFF608009FB76A /* reveal-icon.png in Resources */,
				705B782A1E13C0B700161991 /* Temp1@2x.png in Resources */,
				70EC80E11E067DB400A6D245 /* log_out_@2x.png in Resources */,
				705F64E21DF97B7000082D55 /* RobotoCondensed-BoldItalic.ttf in Resources */,
				705B78231E13C0B700161991 /* Temp8@2x.png in Resources */,
				70D6E8561E436495007E3F2F /* 1@2x.png in Resources */,
				70EC80E91E067DB400A6D245 /* settings__@2x.png in Resources */,
				700D52501EB0B0A500B9732C /* CustomVideoPopUpView.xib in Resources */,
				70CF140F1DF431B20045CF8F /* BackButton@2x.png in Resources */,
				705F64E41DF97B7000082D55 /* RobotoCondensed-Light.ttf in Resources */,
				705B78241E13C0B700161991 /* Temp7@2x.png in Resources */,
				70D6E85B1E436495007E3F2F /* 6@2x.png in Resources */,
				705F64DE1DF97B7000082D55 /* Roboto-Regular.ttf in Resources */,
				7027C9BE1E1CEF5E0062EB77 /* AccordionHeaderView.xib in Resources */,
				705F64EE1DF97F5A00082D55 /* passwordIcon@2x.png in Resources */,
				705F64D91DF97B7000082D55 /* Roboto-Italic.ttf in Resources */,
				705F64D51DF97B7000082D55 /* Roboto-Black.ttf in Resources */,
				70D6E8581E436495007E3F2F /* 3@2x.png in Resources */,
				702BD7F21E7FFD6F008F786C /* CustomTemplateNameView.xib in Resources */,
				70D6E8571E436495007E3F2F /* 2@2x.png in Resources */,
				705B78261E13C0B700161991 /* Temp5@2x.png in Resources */,
				705F64DB1DF97B7000082D55 /* Roboto-LightItalic.ttf in Resources */,
				70EC80E81E067DB400A6D245 /* settings___@2x.png in Resources */,
				70EC80E01E067DB400A6D245 /* creat_new_customer@2x.png in Resources */,
				70F0D9C91EB8BDC90043B80C /* items.plist in Resources */,
				705F64DD1DF97B7000082D55 /* Roboto-MediumItalic.ttf in Resources */,
				70641E571E72AE660085FFE6 /* CustomerProposalTableViewCell.xib in Resources */,
				705F64DF1DF97B7000082D55 /* Roboto-Thin.ttf in Resources */,
				70BAF39C1E38C6760087C051 /* LeftNavDrawingToolsView.xib in Resources */,
				705F64E11DF97B7000082D55 /* RobotoCondensed-Bold.ttf in Resources */,
				705F64E31DF97B7000082D55 /* RobotoCondensed-Italic.ttf in Resources */,
				705F64E51DF97B7000082D55 /* RobotoCondensed-LightItalic.ttf in Resources */,
				70EC80EA1E067DB400A6D245 /* traning_videos@2x.png in Resources */,
				705F64E61DF97B7000082D55 /* RobotoCondensed-Regular.ttf in Resources */,
				705F64EB1DF97F2600082D55 /* telesto-logo@2x.png in Resources */,
				705B78281E13C0B700161991 /* Temp3@2x.png in Resources */,
				705F64D81DF97B7000082D55 /* Roboto-BoldItalic.ttf in Resources */,
				705F64D61DF97B7000082D55 /* Roboto-BlackItalic.ttf in Resources */,
				705B78251E13C0B700161991 /* Temp6@2x.png in Resources */,
				705B78271E13C0B700161991 /* Temp4@2x.png in Resources */,
				70D6E85A1E436495007E3F2F /* 5@2x.png in Resources */,
				70D6E85E1E436495007E3F2F /* 9@2x.png in Resources */,
				7017E9421DEFF608009FB76A /* reveal-icon@2x.png in Resources */,
				709B44371E6D6951008058F3 /* loginView.xib in Resources */,
				70D6E85C1E436495007E3F2F /* 7@2x.png in Resources */,
				705F64DA1DF97B7000082D55 /* Roboto-Light.ttf in Resources */,
				705F64DC1DF97B7000082D55 /* Roboto-Medium.ttf in Resources */,
				705F64E01DF97B7000082D55 /* Roboto-ThinItalic.ttf in Resources */,
				70EC80E51E067DB400A6D245 /* presentation@2x.png in Resources */,
				709DDF241E3A340500CE313C /* RightNavDrwaingToolsView.xib in Resources */,
				70D6E85D1E436495007E3F2F /* 8@2x.png in Resources */,
				3B6EB89A1DD845DA00936AB9 /* Assets.xcassets in Resources */,
				3B6EB8951DD845D900936AB9 /* Main.storyboard in Resources */,
			);
			runOnlyForDeploymentPostprocessing = 0;
		};
/* End PBXResourcesBuildPhase section */

/* Begin PBXShellScriptBuildPhase section */
		5804329E731016E815D0EB82 /* [CP] Embed Pods Frameworks */ = {
			isa = PBXShellScriptBuildPhase;
			buildActionMask = 2147483647;
			files = (
			);
			inputPaths = (
			);
			name = "[CP] Embed Pods Frameworks";
			outputPaths = (
			);
			runOnlyForDeploymentPostprocessing = 0;
			shellPath = /bin/sh;
			shellScript = "\"${SRCROOT}/Pods/Target Support Files/Pods-Telesto Basement App/Pods-Telesto Basement App-frameworks.sh\"\n";
			showEnvVarsInLog = 0;
		};
		8AB2CDAEBC3B0C38D337E226 /* [CP] Check Pods Manifest.lock */ = {
			isa = PBXShellScriptBuildPhase;
			buildActionMask = 2147483647;
			files = (
			);
			inputPaths = (
			);
			name = "[CP] Check Pods Manifest.lock";
			outputPaths = (
			);
			runOnlyForDeploymentPostprocessing = 0;
			shellPath = /bin/sh;
			shellScript = "diff \"${PODS_ROOT}/../Podfile.lock\" \"${PODS_ROOT}/Manifest.lock\" > /dev/null\nif [ $? != 0 ] ; then\n    # print error to STDERR\n    echo \"error: The sandbox is not in sync with the Podfile.lock. Run 'pod install' or update your CocoaPods installation.\" >&2\n    exit 1\nfi\n";
			showEnvVarsInLog = 0;
		};
		AB676D21A84387455BE0FF11 /* [CP] Copy Pods Resources */ = {
			isa = PBXShellScriptBuildPhase;
			buildActionMask = 2147483647;
			files = (
			);
			inputPaths = (
			);
			name = "[CP] Copy Pods Resources";
			outputPaths = (
			);
			runOnlyForDeploymentPostprocessing = 0;
			shellPath = /bin/sh;
			shellScript = "\"${SRCROOT}/Pods/Target Support Files/Pods-Telesto Basement App/Pods-Telesto Basement App-resources.sh\"\n";
			showEnvVarsInLog = 0;
		};
/* End PBXShellScriptBuildPhase section */

/* Begin PBXSourcesBuildPhase section */
		3B6EB8831DD845D900936AB9 /* Sources */ = {
			isa = PBXSourcesBuildPhase;
			buildActionMask = 2147483647;
			files = (
				7027C9C11E1D15760062EB77 /* UserProfileViewController.m in Sources */,
				702BD7F51E7FFE0F008F786C /* CustomTemplateNameView.m in Sources */,
				3B428ACC1DDB3E57008ADABF /* BaseViewController.m in Sources */,
				7084E9A61E07C60100EA5AE8 /* SPUserResizableView.m in Sources */,
				705B78431E13C71D00161991 /* SWRevealViewController.m in Sources */,
				3B6EB8981DD845DA00936AB9 /* Telesto_Basement_App.xcdatamodeld in Sources */,
				3B6EB88F1DD845D900936AB9 /* AppDelegate.m in Sources */,
				70CA54C71E7138F600F7FE67 /* iCarousel.m in Sources */,
				705B783E1E13C71D00161991 /* CustomerListViewController.m in Sources */,
				705B78441E13C71D00161991 /* TrainingVideoViewController.m in Sources */,
				3B69A9C71DDB0E4800163A80 /* TermsAndConditionViewController.m in Sources */,
				70CF19661E1CE03D00C90EDD /* FaqsViewController.m in Sources */,
				70015E981DF6913200DF542E /* Utility.m in Sources */,
				70BAF39A1E38C6520087C051 /* LeftNavDrawingToolsView.m in Sources */,
				70CA54D11E7172A700F7FE67 /* CustomTableViewCell.m in Sources */,
				709F4BD71E76B35200C8B8DA /* CustomProductView.m in Sources */,
				709DDF221E3A33F200CE313C /* RightNavDrwaingToolsView.m in Sources */,
				705B783F1E13C71D00161991 /* DesignViewController.m in Sources */,
				705B783D1E13C71D00161991 /* CustomerInfoObject.m in Sources */,
				7027C9BD1E1CEF5E0062EB77 /* AccordionHeaderView.m in Sources */,
				70D6E84C1E4351C7007E3F2F /* ShowPriceViewController.m in Sources */,
				705B78411E13C71D00161991 /* OldProposalsViewController.m in Sources */,
				3B6EB88C1DD845D900936AB9 /* main.m in Sources */,
				705B78401E13C71D00161991 /* MenuViewController.m in Sources */,
				704B689C1E13CD0900E6537D /* TemplatePopOverViewController.m in Sources */,
				706286191DED939A0022E105 /* PageContentViewController.m in Sources */,
				70CF14151DF449350045CF8F /* CustomerRecordViewController.m in Sources */,
				7027C9C41E1D35950062EB77 /* ProposalViewController.m in Sources */,
				70CA54D71E7188FD00F7FE67 /* CustomerProposalsViewController.m in Sources */,
				70641E561E72AE660085FFE6 /* CustomerProposalTableViewCell.m in Sources */,
				709B44351E6D6942008058F3 /* loginView.m in Sources */,
				7027C9B91E1CEEDA0062EB77 /* FZAccordionTableView.m in Sources */,
				700D52531EB0B0C700B9732C /* CustomVideoPopUpView.m in Sources */,
				70015E9E1DF69BEF00DF542E /* HttpHelper.m in Sources */,
				703C35871EBA16DE00448B1A /* GalleryItem.m in Sources */,
				70D6E8491E43426B007E3F2F /* SettingsViewController.m in Sources */,
				705B78421E13C71D00161991 /* PresentationsViewController.m in Sources */,
				70CF14121DF43C180045CF8F /* IQDropDownTextField.m in Sources */,
				70C216F51E6EC5B600464968 /* TutorialViewController.m in Sources */,
			);
			runOnlyForDeploymentPostprocessing = 0;
		};
/* End PBXSourcesBuildPhase section */

/* Begin PBXVariantGroup section */
		3B6EB8931DD845D900936AB9 /* Main.storyboard */ = {
			isa = PBXVariantGroup;
			children = (
				3B6EB8941DD845D900936AB9 /* Base */,
			);
			name = Main.storyboard;
			sourceTree = "<group>";
		};
		3B6EB89B1DD845DA00936AB9 /* LaunchScreen.storyboard */ = {
			isa = PBXVariantGroup;
			children = (
				3B6EB89C1DD845DA00936AB9 /* Base */,
			);
			name = LaunchScreen.storyboard;
			sourceTree = "<group>";
		};
/* End PBXVariantGroup section */

/* Begin XCBuildConfiguration section */
		3B6EB89F1DD845DA00936AB9 /* Debug */ = {
			isa = XCBuildConfiguration;
			buildSettings = {
				ALWAYS_SEARCH_USER_PATHS = NO;
				CLANG_ANALYZER_NONNULL = YES;
				CLANG_CXX_LANGUAGE_STANDARD = "gnu++0x";
				CLANG_CXX_LIBRARY = "libc++";
				CLANG_ENABLE_MODULES = YES;
				CLANG_ENABLE_OBJC_ARC = YES;
				CLANG_WARN_BOOL_CONVERSION = YES;
				CLANG_WARN_CONSTANT_CONVERSION = YES;
				CLANG_WARN_DIRECT_OBJC_ISA_USAGE = YES_ERROR;
				CLANG_WARN_DOCUMENTATION_COMMENTS = YES;
				CLANG_WARN_EMPTY_BODY = YES;
				CLANG_WARN_ENUM_CONVERSION = YES;
				CLANG_WARN_INFINITE_RECURSION = YES;
				CLANG_WARN_INT_CONVERSION = YES;
				CLANG_WARN_OBJC_ROOT_CLASS = YES_ERROR;
				CLANG_WARN_SUSPICIOUS_MOVE = YES;
				CLANG_WARN_SUSPICIOUS_MOVES = YES;
				CLANG_WARN_UNREACHABLE_CODE = YES;
				CLANG_WARN__DUPLICATE_METHOD_MATCH = YES;
				CODE_SIGN_IDENTITY = "iPhone Developer";
				"CODE_SIGN_IDENTITY[sdk=iphoneos*]" = "iPhone Developer";
				COPY_PHASE_STRIP = NO;
				DEBUG_INFORMATION_FORMAT = dwarf;
				DEVELOPMENT_TEAM = 68449K2QZC;
				ENABLE_STRICT_OBJC_MSGSEND = YES;
				ENABLE_TESTABILITY = YES;
				GCC_C_LANGUAGE_STANDARD = gnu99;
				GCC_DYNAMIC_NO_PIC = NO;
				GCC_NO_COMMON_BLOCKS = YES;
				GCC_OPTIMIZATION_LEVEL = 0;
				GCC_PREPROCESSOR_DEFINITIONS = (
					"DEBUG=1",
					"$(inherited)",
				);
				GCC_WARN_64_TO_32_BIT_CONVERSION = YES;
				GCC_WARN_ABOUT_RETURN_TYPE = YES_ERROR;
				GCC_WARN_UNDECLARED_SELECTOR = YES;
				GCC_WARN_UNINITIALIZED_AUTOS = YES_AGGRESSIVE;
				GCC_WARN_UNUSED_FUNCTION = YES;
				GCC_WARN_UNUSED_VARIABLE = YES;
				IPHONEOS_DEPLOYMENT_TARGET = 9.0;
				MTL_ENABLE_DEBUG_INFO = YES;
				ONLY_ACTIVE_ARCH = YES;
				SDKROOT = iphoneos;
				TARGETED_DEVICE_FAMILY = 2;
			};
			name = Debug;
		};
		3B6EB8A01DD845DA00936AB9 /* Release */ = {
			isa = XCBuildConfiguration;
			buildSettings = {
				ALWAYS_SEARCH_USER_PATHS = NO;
				CLANG_ANALYZER_NONNULL = YES;
				CLANG_CXX_LANGUAGE_STANDARD = "gnu++0x";
				CLANG_CXX_LIBRARY = "libc++";
				CLANG_ENABLE_MODULES = YES;
				CLANG_ENABLE_OBJC_ARC = YES;
				CLANG_WARN_BOOL_CONVERSION = YES;
				CLANG_WARN_CONSTANT_CONVERSION = YES;
				CLANG_WARN_DIRECT_OBJC_ISA_USAGE = YES_ERROR;
				CLANG_WARN_DOCUMENTATION_COMMENTS = YES;
				CLANG_WARN_EMPTY_BODY = YES;
				CLANG_WARN_ENUM_CONVERSION = YES;
				CLANG_WARN_INFINITE_RECURSION = YES;
				CLANG_WARN_INT_CONVERSION = YES;
				CLANG_WARN_OBJC_ROOT_CLASS = YES_ERROR;
				CLANG_WARN_SUSPICIOUS_MOVE = YES;
				CLANG_WARN_SUSPICIOUS_MOVES = YES;
				CLANG_WARN_UNREACHABLE_CODE = YES;
				CLANG_WARN__DUPLICATE_METHOD_MATCH = YES;
				CODE_SIGN_IDENTITY = "iPhone Developer";
				"CODE_SIGN_IDENTITY[sdk=iphoneos*]" = "iPhone Developer";
				COPY_PHASE_STRIP = NO;
				DEBUG_INFORMATION_FORMAT = "dwarf-with-dsym";
				DEVELOPMENT_TEAM = 68449K2QZC;
				ENABLE_NS_ASSERTIONS = NO;
				ENABLE_STRICT_OBJC_MSGSEND = YES;
				GCC_C_LANGUAGE_STANDARD = gnu99;
				GCC_NO_COMMON_BLOCKS = YES;
				GCC_WARN_64_TO_32_BIT_CONVERSION = YES;
				GCC_WARN_ABOUT_RETURN_TYPE = YES_ERROR;
				GCC_WARN_UNDECLARED_SELECTOR = YES;
				GCC_WARN_UNINITIALIZED_AUTOS = YES_AGGRESSIVE;
				GCC_WARN_UNUSED_FUNCTION = YES;
				GCC_WARN_UNUSED_VARIABLE = YES;
				IPHONEOS_DEPLOYMENT_TARGET = 9.0;
				MTL_ENABLE_DEBUG_INFO = NO;
				SDKROOT = iphoneos;
				TARGETED_DEVICE_FAMILY = 2;
				VALIDATE_PRODUCT = YES;
			};
			name = Release;
		};
		3B6EB8A21DD845DA00936AB9 /* Debug */ = {
			isa = XCBuildConfiguration;
			baseConfigurationReference = 474EE36DEBC3BD902C3C33C8 /* Pods-Telesto Basement App.debug.xcconfig */;
			buildSettings = {
				ASSETCATALOG_COMPILER_APPICON_NAME = AppIcon;
				ASSETCATALOG_COMPILER_LAUNCHIMAGE_NAME = LaunchImage;
				CODE_SIGN_ENTITLEMENTS = "Telesto Basement App/Telesto Basement App.entitlements";
				CODE_SIGN_IDENTITY = "iPhone Developer";
				"CODE_SIGN_IDENTITY[sdk=iphoneos*]" = "iPhone Developer";
				DEVELOPMENT_TEAM = 8Y534JBUBF;
				INFOPLIST_FILE = "Telesto Basement App/Info.plist";
				IPHONEOS_DEPLOYMENT_TARGET = 9.0;
				LD_RUNPATH_SEARCH_PATHS = "$(inherited) @executable_path/Frameworks";
				PRODUCT_BUNDLE_IDENTIFIER = com.csm.telestoBasement;
				PRODUCT_NAME = "$(TARGET_NAME)";
				PROVISIONING_PROFILE = "";
			};
			name = Debug;
		};
		3B6EB8A31DD845DA00936AB9 /* Release */ = {
			isa = XCBuildConfiguration;
			baseConfigurationReference = C60A664EF7D6CA664CB25D5C /* Pods-Telesto Basement App.release.xcconfig */;
			buildSettings = {
				ASSETCATALOG_COMPILER_APPICON_NAME = AppIcon;
				ASSETCATALOG_COMPILER_LAUNCHIMAGE_NAME = LaunchImage;
				CODE_SIGN_ENTITLEMENTS = "Telesto Basement App/Telesto Basement App.entitlements";
				CODE_SIGN_IDENTITY = "iPhone Developer";
				"CODE_SIGN_IDENTITY[sdk=iphoneos*]" = "iPhone Developer";
				DEVELOPMENT_TEAM = 8Y534JBUBF;
				INFOPLIST_FILE = "Telesto Basement App/Info.plist";
				IPHONEOS_DEPLOYMENT_TARGET = 9.0;
				LD_RUNPATH_SEARCH_PATHS = "$(inherited) @executable_path/Frameworks";
				PRODUCT_BUNDLE_IDENTIFIER = com.csm.telestoBasement;
				PRODUCT_NAME = "$(TARGET_NAME)";
				PROVISIONING_PROFILE = "";
			};
			name = Release;
		};
/* End XCBuildConfiguration section */

/* Begin XCConfigurationList section */
		3B6EB8821DD845D900936AB9 /* Build configuration list for PBXProject "Telesto Basement App" */ = {
			isa = XCConfigurationList;
			buildConfigurations = (
				3B6EB89F1DD845DA00936AB9 /* Debug */,
				3B6EB8A01DD845DA00936AB9 /* Release */,
			);
			defaultConfigurationIsVisible = 0;
			defaultConfigurationName = Release;
		};
		3B6EB8A11DD845DA00936AB9 /* Build configuration list for PBXNativeTarget "Telesto Basement App" */ = {
			isa = XCConfigurationList;
			buildConfigurations = (
				3B6EB8A21DD845DA00936AB9 /* Debug */,
				3B6EB8A31DD845DA00936AB9 /* Release */,
			);
			defaultConfigurationIsVisible = 0;
			defaultConfigurationName = Release;
		};
/* End XCConfigurationList section */

/* Begin XCVersionGroup section */
		3B6EB8961DD845DA00936AB9 /* Telesto_Basement_App.xcdatamodeld */ = {
			isa = XCVersionGroup;
			children = (
				3B6EB8971DD845DA00936AB9 /* Telesto_Basement_App.xcdatamodel */,
			);
			currentVersion = 3B6EB8971DD845DA00936AB9 /* Telesto_Basement_App.xcdatamodel */;
			path = Telesto_Basement_App.xcdatamodeld;
			sourceTree = "<group>";
			versionGroupType = wrapper.xcdatamodel;
		};
/* End XCVersionGroup section */
	};
	rootObject = 3B6EB87F1DD845D900936AB9 /* Project object */;
}
