// !$*UTF8*$!
{
	archiveVersion = 1;
	classes = {
	};
	objectVersion = 46;
	objects = {

/* Begin PBXBuildFile section */
		3B428ACC1DDB3E57008ADABF /* BaseViewController.m in Sources */ = {isa = PBXBuildFile; fileRef = 3B428ACB1DDB3E57008ADABF /* BaseViewController.m */; };
		3B69A9C71DDB0E4800163A80 /* TermsAndConditionViewController.m in Sources */ = {isa = PBXBuildFile; fileRef = 3B69A9C61DDB0E4800163A80 /* TermsAndConditionViewController.m */; };
		3B6EB88C1DD845D900936AB9 /* main.m in Sources */ = {isa = PBXBuildFile; fileRef = 3B6EB88B1DD845D900936AB9 /* main.m */; };
		3B6EB88F1DD845D900936AB9 /* AppDelegate.m in Sources */ = {isa = PBXBuildFile; fileRef = 3B6EB88E1DD845D900936AB9 /* AppDelegate.m */; };
		3B6EB8951DD845D900936AB9 /* Main.storyboard in Resources */ = {isa = PBXBuildFile; fileRef = 3B6EB8931DD845D900936AB9 /* Main.storyboard */; };
		3B6EB8981DD845DA00936AB9 /* Telesto_Basement_App.xcdatamodeld in Sources */ = {isa = PBXBuildFile; fileRef = 3B6EB8961DD845DA00936AB9 /* Telesto_Basement_App.xcdatamodeld */; };
		3B6EB89A1DD845DA00936AB9 /* Assets.xcassets in Resources */ = {isa = PBXBuildFile; fileRef = 3B6EB8991DD845DA00936AB9 /* Assets.xcassets */; };
		3B6EB89D1DD845DA00936AB9 /* LaunchScreen.storyboard in Resources */ = {isa = PBXBuildFile; fileRef = 3B6EB89B1DD845DA00936AB9 /* LaunchScreen.storyboard */; };
		3B6EB8A51DD8ACB700936AB9 /* 1.png in Resources */ = {isa = PBXBuildFile; fileRef = 3B6EB8A41DD8ACB700936AB9 /* 1.png */; };
		3B6EB8A71DD9B39200936AB9 /* username.png in Resources */ = {isa = PBXBuildFile; fileRef = 3B6EB8A61DD9B39200936AB9 /* username.png */; };
		70015E981DF6913200DF542E /* Utility.m in Sources */ = {isa = PBXBuildFile; fileRef = 70015E971DF6913200DF542E /* Utility.m */; };
		70015E9E1DF69BEF00DF542E /* HttpHelper.m in Sources */ = {isa = PBXBuildFile; fileRef = 70015E9D1DF69BEF00DF542E /* HttpHelper.m */; };
		700165C71DEEC1F900247245 /* left.png in Resources */ = {isa = PBXBuildFile; fileRef = 700165C51DEEC1F900247245 /* left.png */; };
		700165C81DEEC1F900247245 /* right.png in Resources */ = {isa = PBXBuildFile; fileRef = 700165C61DEEC1F900247245 /* right.png */; };
		700165D11DEED93200247245 /* Temp1.png in Resources */ = {isa = PBXBuildFile; fileRef = 700165C91DEED93200247245 /* Temp1.png */; };
		700165D21DEED93200247245 /* Temp2.png in Resources */ = {isa = PBXBuildFile; fileRef = 700165CA1DEED93200247245 /* Temp2.png */; };
		700165D31DEED93200247245 /* Temp3.png in Resources */ = {isa = PBXBuildFile; fileRef = 700165CB1DEED93200247245 /* Temp3.png */; };
		700165D41DEED93200247245 /* Temp4.png in Resources */ = {isa = PBXBuildFile; fileRef = 700165CC1DEED93200247245 /* Temp4.png */; };
		700165D51DEED93200247245 /* Temp5.png in Resources */ = {isa = PBXBuildFile; fileRef = 700165CD1DEED93200247245 /* Temp5.png */; };
		700165D61DEED93200247245 /* Temp6.png in Resources */ = {isa = PBXBuildFile; fileRef = 700165CE1DEED93200247245 /* Temp6.png */; };
		700165D71DEED93200247245 /* Temp7.png in Resources */ = {isa = PBXBuildFile; fileRef = 700165CF1DEED93200247245 /* Temp7.png */; };
		700165D81DEED93200247245 /* Temp8.png in Resources */ = {isa = PBXBuildFile; fileRef = 700165D01DEED93200247245 /* Temp8.png */; };
		7017E9411DEFF608009FB76A /* reveal-icon.png in Resources */ = {isa = PBXBuildFile; fileRef = 7017E93E1DEFF608009FB76A /* reveal-icon.png */; };
		7017E9421DEFF608009FB76A /* reveal-icon@2x.png in Resources */ = {isa = PBXBuildFile; fileRef = 7017E93F1DEFF608009FB76A /* reveal-icon@2x.png */; };
		70192ECB1DFD559500901E7D /* SWRevealViewController.m in Sources */ = {isa = PBXBuildFile; fileRef = 70192ECA1DFD559500901E7D /* SWRevealViewController.m */; };
		70192ECE1DFD61A900901E7D /* MenuViewController.m in Sources */ = {isa = PBXBuildFile; fileRef = 70192ECD1DFD61A900901E7D /* MenuViewController.m */; };
		705F64D51DF97B7000082D55 /* Roboto-Black.ttf in Resources */ = {isa = PBXBuildFile; fileRef = 705F64C31DF97B7000082D55 /* Roboto-Black.ttf */; };
		705F64D61DF97B7000082D55 /* Roboto-BlackItalic.ttf in Resources */ = {isa = PBXBuildFile; fileRef = 705F64C41DF97B7000082D55 /* Roboto-BlackItalic.ttf */; };
		705F64D71DF97B7000082D55 /* Roboto-Bold.ttf in Resources */ = {isa = PBXBuildFile; fileRef = 705F64C51DF97B7000082D55 /* Roboto-Bold.ttf */; };
		705F64D81DF97B7000082D55 /* Roboto-BoldItalic.ttf in Resources */ = {isa = PBXBuildFile; fileRef = 705F64C61DF97B7000082D55 /* Roboto-BoldItalic.ttf */; };
		705F64D91DF97B7000082D55 /* Roboto-Italic.ttf in Resources */ = {isa = PBXBuildFile; fileRef = 705F64C71DF97B7000082D55 /* Roboto-Italic.ttf */; };
		705F64DA1DF97B7000082D55 /* Roboto-Light.ttf in Resources */ = {isa = PBXBuildFile; fileRef = 705F64C81DF97B7000082D55 /* Roboto-Light.ttf */; };
		705F64DB1DF97B7000082D55 /* Roboto-LightItalic.ttf in Resources */ = {isa = PBXBuildFile; fileRef = 705F64C91DF97B7000082D55 /* Roboto-LightItalic.ttf */; };
		705F64DC1DF97B7000082D55 /* Roboto-Medium.ttf in Resources */ = {isa = PBXBuildFile; fileRef = 705F64CA1DF97B7000082D55 /* Roboto-Medium.ttf */; };
		705F64DD1DF97B7000082D55 /* Roboto-MediumItalic.ttf in Resources */ = {isa = PBXBuildFile; fileRef = 705F64CB1DF97B7000082D55 /* Roboto-MediumItalic.ttf */; };
		705F64DE1DF97B7000082D55 /* Roboto-Regular.ttf in Resources */ = {isa = PBXBuildFile; fileRef = 705F64CC1DF97B7000082D55 /* Roboto-Regular.ttf */; };
		705F64DF1DF97B7000082D55 /* Roboto-Thin.ttf in Resources */ = {isa = PBXBuildFile; fileRef = 705F64CD1DF97B7000082D55 /* Roboto-Thin.ttf */; };
		705F64E01DF97B7000082D55 /* Roboto-ThinItalic.ttf in Resources */ = {isa = PBXBuildFile; fileRef = 705F64CE1DF97B7000082D55 /* Roboto-ThinItalic.ttf */; };
		705F64E11DF97B7000082D55 /* RobotoCondensed-Bold.ttf in Resources */ = {isa = PBXBuildFile; fileRef = 705F64CF1DF97B7000082D55 /* RobotoCondensed-Bold.ttf */; };
		705F64E21DF97B7000082D55 /* RobotoCondensed-BoldItalic.ttf in Resources */ = {isa = PBXBuildFile; fileRef = 705F64D01DF97B7000082D55 /* RobotoCondensed-BoldItalic.ttf */; };
		705F64E31DF97B7000082D55 /* RobotoCondensed-Italic.ttf in Resources */ = {isa = PBXBuildFile; fileRef = 705F64D11DF97B7000082D55 /* RobotoCondensed-Italic.ttf */; };
		705F64E41DF97B7000082D55 /* RobotoCondensed-Light.ttf in Resources */ = {isa = PBXBuildFile; fileRef = 705F64D21DF97B7000082D55 /* RobotoCondensed-Light.ttf */; };
		705F64E51DF97B7000082D55 /* RobotoCondensed-LightItalic.ttf in Resources */ = {isa = PBXBuildFile; fileRef = 705F64D31DF97B7000082D55 /* RobotoCondensed-LightItalic.ttf */; };
		705F64E61DF97B7000082D55 /* RobotoCondensed-Regular.ttf in Resources */ = {isa = PBXBuildFile; fileRef = 705F64D41DF97B7000082D55 /* RobotoCondensed-Regular.ttf */; };
		705F64EB1DF97F2600082D55 /* telesto-logo@2x.png in Resources */ = {isa = PBXBuildFile; fileRef = 705F64E81DF97F2600082D55 /* telesto-logo@2x.png */; };
		705F64EC1DF97F2600082D55 /* userName@2x.png in Resources */ = {isa = PBXBuildFile; fileRef = 705F64E91DF97F2600082D55 /* userName@2x.png */; };
		705F64EE1DF97F5A00082D55 /* passwordIcon@2x.png in Resources */ = {isa = PBXBuildFile; fileRef = 705F64ED1DF97F5A00082D55 /* passwordIcon@2x.png */; };
		706286131DED7EA60022E105 /* DrawingViewController.m in Sources */ = {isa = PBXBuildFile; fileRef = 706286121DED7EA60022E105 /* DrawingViewController.m */; };
		706286191DED939A0022E105 /* PageContentViewController.m in Sources */ = {isa = PBXBuildFile; fileRef = 706286181DED939A0022E105 /* PageContentViewController.m */; };
		70B3A78B1DEFD46E008D5E8D /* password.png in Resources */ = {isa = PBXBuildFile; fileRef = 70B3A78A1DEFD46E008D5E8D /* password.png */; };
		70B3A78F1DEFEAF6008D5E8D /* whiteUsername.png in Resources */ = {isa = PBXBuildFile; fileRef = 70B3A78E1DEFEAF6008D5E8D /* whiteUsername.png */; };
		70CF140D1DF4228A0045CF8F /* CustomerListViewController.m in Sources */ = {isa = PBXBuildFile; fileRef = 70CF140C1DF4228A0045CF8F /* CustomerListViewController.m */; };
		70CF140F1DF431B20045CF8F /* BackButton@2x.png in Resources */ = {isa = PBXBuildFile; fileRef = 70CF140E1DF431B20045CF8F /* BackButton@2x.png */; };
		70CF14121DF43C180045CF8F /* IQDropDownTextField.m in Sources */ = {isa = PBXBuildFile; fileRef = 70CF14111DF43C180045CF8F /* IQDropDownTextField.m */; };
		70CF14151DF449350045CF8F /* CustomerRecordViewController.m in Sources */ = {isa = PBXBuildFile; fileRef = 70CF14141DF449350045CF8F /* CustomerRecordViewController.m */; };
		70EC80E01E067DB400A6D245 /* creat_new_customer@2x.png in Resources */ = {isa = PBXBuildFile; fileRef = 70EC80D51E067DB400A6D245 /* creat_new_customer@2x.png */; };
		70EC80E11E067DB400A6D245 /* log_out_@2x.png in Resources */ = {isa = PBXBuildFile; fileRef = 70EC80D61E067DB400A6D245 /* log_out_@2x.png */; };
		70EC80E21E067DB400A6D245 /* log_out@2x.png in Resources */ = {isa = PBXBuildFile; fileRef = 70EC80D71E067DB400A6D245 /* log_out@2x.png */; };
		70EC80E31E067DB400A6D245 /* new_customer@2x.png in Resources */ = {isa = PBXBuildFile; fileRef = 70EC80D81E067DB400A6D245 /* new_customer@2x.png */; };
		70EC80E41E067DB400A6D245 /* old_proposal@2x.png in Resources */ = {isa = PBXBuildFile; fileRef = 70EC80D91E067DB400A6D245 /* old_proposal@2x.png */; };
		70EC80E51E067DB400A6D245 /* presentation@2x.png in Resources */ = {isa = PBXBuildFile; fileRef = 70EC80DA1E067DB400A6D245 /* presentation@2x.png */; };
		70EC80E61E067DB400A6D245 /* search@2x.png in Resources */ = {isa = PBXBuildFile; fileRef = 70EC80DB1E067DB400A6D245 /* search@2x.png */; };
		70EC80E71E067DB400A6D245 /* separator@2x.png in Resources */ = {isa = PBXBuildFile; fileRef = 70EC80DC1E067DB400A6D245 /* separator@2x.png */; };
		70EC80E81E067DB400A6D245 /* settings___@2x.png in Resources */ = {isa = PBXBuildFile; fileRef = 70EC80DD1E067DB400A6D245 /* settings___@2x.png */; };
		70EC80E91E067DB400A6D245 /* settings__@2x.png in Resources */ = {isa = PBXBuildFile; fileRef = 70EC80DE1E067DB400A6D245 /* settings__@2x.png */; };
		70EC80EA1E067DB400A6D245 /* traning_videos@2x.png in Resources */ = {isa = PBXBuildFile; fileRef = 70EC80DF1E067DB400A6D245 /* traning_videos@2x.png */; };
/* End PBXBuildFile section */

/* Begin PBXFileReference section */
		3B428ACA1DDB3E57008ADABF /* BaseViewController.h */ = {isa = PBXFileReference; fileEncoding = 4; lastKnownFileType = sourcecode.c.h; path = BaseViewController.h; sourceTree = "<group>"; };
		3B428ACB1DDB3E57008ADABF /* BaseViewController.m */ = {isa = PBXFileReference; fileEncoding = 4; lastKnownFileType = sourcecode.c.objc; path = BaseViewController.m; sourceTree = "<group>"; };
		3B69A9C51DDB0E4800163A80 /* TermsAndConditionViewController.h */ = {isa = PBXFileReference; fileEncoding = 4; lastKnownFileType = sourcecode.c.h; path = TermsAndConditionViewController.h; sourceTree = "<group>"; };
		3B69A9C61DDB0E4800163A80 /* TermsAndConditionViewController.m */ = {isa = PBXFileReference; fileEncoding = 4; lastKnownFileType = sourcecode.c.objc; path = TermsAndConditionViewController.m; sourceTree = "<group>"; };
		3B6EB8871DD845D900936AB9 /* Telesto Basement App.app */ = {isa = PBXFileReference; explicitFileType = wrapper.application; includeInIndex = 0; path = "Telesto Basement App.app"; sourceTree = BUILT_PRODUCTS_DIR; };
		3B6EB88B1DD845D900936AB9 /* main.m */ = {isa = PBXFileReference; lastKnownFileType = sourcecode.c.objc; path = main.m; sourceTree = "<group>"; };
		3B6EB88D1DD845D900936AB9 /* AppDelegate.h */ = {isa = PBXFileReference; lastKnownFileType = sourcecode.c.h; path = AppDelegate.h; sourceTree = "<group>"; };
		3B6EB88E1DD845D900936AB9 /* AppDelegate.m */ = {isa = PBXFileReference; lastKnownFileType = sourcecode.c.objc; path = AppDelegate.m; sourceTree = "<group>"; };
		3B6EB8941DD845D900936AB9 /* Base */ = {isa = PBXFileReference; lastKnownFileType = file.storyboard; name = Base; path = Base.lproj/Main.storyboard; sourceTree = "<group>"; };
		3B6EB8971DD845DA00936AB9 /* Telesto_Basement_App.xcdatamodel */ = {isa = PBXFileReference; lastKnownFileType = wrapper.xcdatamodel; path = Telesto_Basement_App.xcdatamodel; sourceTree = "<group>"; };
		3B6EB8991DD845DA00936AB9 /* Assets.xcassets */ = {isa = PBXFileReference; lastKnownFileType = folder.assetcatalog; path = Assets.xcassets; sourceTree = "<group>"; };
		3B6EB89C1DD845DA00936AB9 /* Base */ = {isa = PBXFileReference; lastKnownFileType = file.storyboard; name = Base; path = Base.lproj/LaunchScreen.storyboard; sourceTree = "<group>"; };
		3B6EB89E1DD845DA00936AB9 /* Info.plist */ = {isa = PBXFileReference; lastKnownFileType = text.plist.xml; path = Info.plist; sourceTree = "<group>"; };
		3B6EB8A41DD8ACB700936AB9 /* 1.png */ = {isa = PBXFileReference; lastKnownFileType = image.png; path = 1.png; sourceTree = "<group>"; };
		3B6EB8A61DD9B39200936AB9 /* username.png */ = {isa = PBXFileReference; lastKnownFileType = image.png; path = username.png; sourceTree = "<group>"; };
		70015E961DF6913200DF542E /* Utility.h */ = {isa = PBXFileReference; fileEncoding = 4; lastKnownFileType = sourcecode.c.h; path = Utility.h; sourceTree = "<group>"; };
		70015E971DF6913200DF542E /* Utility.m */ = {isa = PBXFileReference; fileEncoding = 4; lastKnownFileType = sourcecode.c.objc; path = Utility.m; sourceTree = "<group>"; };
		70015E9C1DF69BEF00DF542E /* HttpHelper.h */ = {isa = PBXFileReference; fileEncoding = 4; lastKnownFileType = sourcecode.c.h; path = HttpHelper.h; sourceTree = "<group>"; };
		70015E9D1DF69BEF00DF542E /* HttpHelper.m */ = {isa = PBXFileReference; fileEncoding = 4; lastKnownFileType = sourcecode.c.objc; path = HttpHelper.m; sourceTree = "<group>"; };
		700165C51DEEC1F900247245 /* left.png */ = {isa = PBXFileReference; lastKnownFileType = image.png; path = left.png; sourceTree = "<group>"; };
		700165C61DEEC1F900247245 /* right.png */ = {isa = PBXFileReference; lastKnownFileType = image.png; path = right.png; sourceTree = "<group>"; };
		700165C91DEED93200247245 /* Temp1.png */ = {isa = PBXFileReference; lastKnownFileType = image.png; path = Temp1.png; sourceTree = "<group>"; };
		700165CA1DEED93200247245 /* Temp2.png */ = {isa = PBXFileReference; lastKnownFileType = image.png; path = Temp2.png; sourceTree = "<group>"; };
		700165CB1DEED93200247245 /* Temp3.png */ = {isa = PBXFileReference; lastKnownFileType = image.png; path = Temp3.png; sourceTree = "<group>"; };
		700165CC1DEED93200247245 /* Temp4.png */ = {isa = PBXFileReference; lastKnownFileType = image.png; path = Temp4.png; sourceTree = "<group>"; };
		700165CD1DEED93200247245 /* Temp5.png */ = {isa = PBXFileReference; lastKnownFileType = image.png; path = Temp5.png; sourceTree = "<group>"; };
		700165CE1DEED93200247245 /* Temp6.png */ = {isa = PBXFileReference; lastKnownFileType = image.png; path = Temp6.png; sourceTree = "<group>"; };
		700165CF1DEED93200247245 /* Temp7.png */ = {isa = PBXFileReference; lastKnownFileType = image.png; path = Temp7.png; sourceTree = "<group>"; };
		700165D01DEED93200247245 /* Temp8.png */ = {isa = PBXFileReference; lastKnownFileType = image.png; path = Temp8.png; sourceTree = "<group>"; };
		7017E93E1DEFF608009FB76A /* reveal-icon.png */ = {isa = PBXFileReference; lastKnownFileType = image.png; path = "reveal-icon.png"; sourceTree = "<group>"; };
		7017E93F1DEFF608009FB76A /* reveal-icon@2x.png */ = {isa = PBXFileReference; lastKnownFileType = image.png; path = "reveal-icon@2x.png"; sourceTree = "<group>"; };
		70192EC91DFD559500901E7D /* SWRevealViewController.h */ = {isa = PBXFileReference; fileEncoding = 4; lastKnownFileType = sourcecode.c.h; path = SWRevealViewController.h; sourceTree = "<group>"; };
		70192ECA1DFD559500901E7D /* SWRevealViewController.m */ = {isa = PBXFileReference; fileEncoding = 4; lastKnownFileType = sourcecode.c.objc; path = SWRevealViewController.m; sourceTree = "<group>"; };
		70192ECC1DFD61A900901E7D /* MenuViewController.h */ = {isa = PBXFileReference; fileEncoding = 4; lastKnownFileType = sourcecode.c.h; path = MenuViewController.h; sourceTree = "<group>"; };
		70192ECD1DFD61A900901E7D /* MenuViewController.m */ = {isa = PBXFileReference; fileEncoding = 4; lastKnownFileType = sourcecode.c.objc; path = MenuViewController.m; sourceTree = "<group>"; };
		705F64C31DF97B7000082D55 /* Roboto-Black.ttf */ = {isa = PBXFileReference; lastKnownFileType = file; path = "Roboto-Black.ttf"; sourceTree = "<group>"; };
		705F64C41DF97B7000082D55 /* Roboto-BlackItalic.ttf */ = {isa = PBXFileReference; lastKnownFileType = file; path = "Roboto-BlackItalic.ttf"; sourceTree = "<group>"; };
		705F64C51DF97B7000082D55 /* Roboto-Bold.ttf */ = {isa = PBXFileReference; lastKnownFileType = file; path = "Roboto-Bold.ttf"; sourceTree = "<group>"; };
		705F64C61DF97B7000082D55 /* Roboto-BoldItalic.ttf */ = {isa = PBXFileReference; lastKnownFileType = file; path = "Roboto-BoldItalic.ttf"; sourceTree = "<group>"; };
		705F64C71DF97B7000082D55 /* Roboto-Italic.ttf */ = {isa = PBXFileReference; lastKnownFileType = file; path = "Roboto-Italic.ttf"; sourceTree = "<group>"; };
		705F64C81DF97B7000082D55 /* Roboto-Light.ttf */ = {isa = PBXFileReference; lastKnownFileType = file; path = "Roboto-Light.ttf"; sourceTree = "<group>"; };
		705F64C91DF97B7000082D55 /* Roboto-LightItalic.ttf */ = {isa = PBXFileReference; lastKnownFileType = file; path = "Roboto-LightItalic.ttf"; sourceTree = "<group>"; };
		705F64CA1DF97B7000082D55 /* Roboto-Medium.ttf */ = {isa = PBXFileReference; lastKnownFileType = file; path = "Roboto-Medium.ttf"; sourceTree = "<group>"; };
		705F64CB1DF97B7000082D55 /* Roboto-MediumItalic.ttf */ = {isa = PBXFileReference; lastKnownFileType = file; path = "Roboto-MediumItalic.ttf"; sourceTree = "<group>"; };
		705F64CC1DF97B7000082D55 /* Roboto-Regular.ttf */ = {isa = PBXFileReference; lastKnownFileType = file; path = "Roboto-Regular.ttf"; sourceTree = "<group>"; };
		705F64CD1DF97B7000082D55 /* Roboto-Thin.ttf */ = {isa = PBXFileReference; lastKnownFileType = file; path = "Roboto-Thin.ttf"; sourceTree = "<group>"; };
		705F64CE1DF97B7000082D55 /* Roboto-ThinItalic.ttf */ = {isa = PBXFileReference; lastKnownFileType = file; path = "Roboto-ThinItalic.ttf"; sourceTree = "<group>"; };
		705F64CF1DF97B7000082D55 /* RobotoCondensed-Bold.ttf */ = {isa = PBXFileReference; lastKnownFileType = file; path = "RobotoCondensed-Bold.ttf"; sourceTree = "<group>"; };
		705F64D01DF97B7000082D55 /* RobotoCondensed-BoldItalic.ttf */ = {isa = PBXFileReference; lastKnownFileType = file; path = "RobotoCondensed-BoldItalic.ttf"; sourceTree = "<group>"; };
		705F64D11DF97B7000082D55 /* RobotoCondensed-Italic.ttf */ = {isa = PBXFileReference; lastKnownFileType = file; path = "RobotoCondensed-Italic.ttf"; sourceTree = "<group>"; };
		705F64D21DF97B7000082D55 /* RobotoCondensed-Light.ttf */ = {isa = PBXFileReference; lastKnownFileType = file; path = "RobotoCondensed-Light.ttf"; sourceTree = "<group>"; };
		705F64D31DF97B7000082D55 /* RobotoCondensed-LightItalic.ttf */ = {isa = PBXFileReference; lastKnownFileType = file; path = "RobotoCondensed-LightItalic.ttf"; sourceTree = "<group>"; };
		705F64D41DF97B7000082D55 /* RobotoCondensed-Regular.ttf */ = {isa = PBXFileReference; lastKnownFileType = file; path = "RobotoCondensed-Regular.ttf"; sourceTree = "<group>"; };
		705F64E81DF97F2600082D55 /* telesto-logo@2x.png */ = {isa = PBXFileReference; lastKnownFileType = image.png; path = "telesto-logo@2x.png"; sourceTree = "<group>"; };
		705F64E91DF97F2600082D55 /* userName@2x.png */ = {isa = PBXFileReference; lastKnownFileType = image.png; path = "userName@2x.png"; sourceTree = "<group>"; };
		705F64ED1DF97F5A00082D55 /* passwordIcon@2x.png */ = {isa = PBXFileReference; lastKnownFileType = image.png; path = "passwordIcon@2x.png"; sourceTree = "<group>"; };
		706286111DED7EA60022E105 /* DrawingViewController.h */ = {isa = PBXFileReference; fileEncoding = 4; lastKnownFileType = sourcecode.c.h; path = DrawingViewController.h; sourceTree = "<group>"; };
		706286121DED7EA60022E105 /* DrawingViewController.m */ = {isa = PBXFileReference; fileEncoding = 4; lastKnownFileType = sourcecode.c.objc; path = DrawingViewController.m; sourceTree = "<group>"; };
		706286171DED939A0022E105 /* PageContentViewController.h */ = {isa = PBXFileReference; fileEncoding = 4; lastKnownFileType = sourcecode.c.h; path = PageContentViewController.h; sourceTree = "<group>"; };
		706286181DED939A0022E105 /* PageContentViewController.m */ = {isa = PBXFileReference; fileEncoding = 4; lastKnownFileType = sourcecode.c.objc; path = PageContentViewController.m; sourceTree = "<group>"; };
		70B3A78A1DEFD46E008D5E8D /* password.png */ = {isa = PBXFileReference; lastKnownFileType = image.png; path = password.png; sourceTree = "<group>"; };
		70B3A78E1DEFEAF6008D5E8D /* whiteUsername.png */ = {isa = PBXFileReference; lastKnownFileType = image.png; path = whiteUsername.png; sourceTree = "<group>"; };
		70CF140B1DF4228A0045CF8F /* CustomerListViewController.h */ = {isa = PBXFileReference; fileEncoding = 4; lastKnownFileType = sourcecode.c.h; path = CustomerListViewController.h; sourceTree = "<group>"; };
		70CF140C1DF4228A0045CF8F /* CustomerListViewController.m */ = {isa = PBXFileReference; fileEncoding = 4; lastKnownFileType = sourcecode.c.objc; path = CustomerListViewController.m; sourceTree = "<group>"; };
		70CF140E1DF431B20045CF8F /* BackButton@2x.png */ = {isa = PBXFileReference; lastKnownFileType = image.png; path = "BackButton@2x.png"; sourceTree = "<group>"; };
		70CF14101DF43C180045CF8F /* IQDropDownTextField.h */ = {isa = PBXFileReference; fileEncoding = 4; lastKnownFileType = sourcecode.c.h; path = IQDropDownTextField.h; sourceTree = "<group>"; };
		70CF14111DF43C180045CF8F /* IQDropDownTextField.m */ = {isa = PBXFileReference; fileEncoding = 4; lastKnownFileType = sourcecode.c.objc; path = IQDropDownTextField.m; sourceTree = "<group>"; };
		70CF14131DF449350045CF8F /* CustomerRecordViewController.h */ = {isa = PBXFileReference; fileEncoding = 4; lastKnownFileType = sourcecode.c.h; path = CustomerRecordViewController.h; sourceTree = "<group>"; };
		70CF14141DF449350045CF8F /* CustomerRecordViewController.m */ = {isa = PBXFileReference; fileEncoding = 4; lastKnownFileType = sourcecode.c.objc; path = CustomerRecordViewController.m; sourceTree = "<group>"; };
		70EC80D51E067DB400A6D245 /* creat_new_customer@2x.png */ = {isa = PBXFileReference; lastKnownFileType = image.png; path = "creat_new_customer@2x.png"; sourceTree = "<group>"; };
		70EC80D61E067DB400A6D245 /* log_out_@2x.png */ = {isa = PBXFileReference; lastKnownFileType = image.png; path = "log_out_@2x.png"; sourceTree = "<group>"; };
		70EC80D71E067DB400A6D245 /* log_out@2x.png */ = {isa = PBXFileReference; lastKnownFileType = image.png; path = "log_out@2x.png"; sourceTree = "<group>"; };
		70EC80D81E067DB400A6D245 /* new_customer@2x.png */ = {isa = PBXFileReference; lastKnownFileType = image.png; path = "new_customer@2x.png"; sourceTree = "<group>"; };
		70EC80D91E067DB400A6D245 /* old_proposal@2x.png */ = {isa = PBXFileReference; lastKnownFileType = image.png; path = "old_proposal@2x.png"; sourceTree = "<group>"; };
		70EC80DA1E067DB400A6D245 /* presentation@2x.png */ = {isa = PBXFileReference; lastKnownFileType = image.png; path = "presentation@2x.png"; sourceTree = "<group>"; };
		70EC80DB1E067DB400A6D245 /* search@2x.png */ = {isa = PBXFileReference; lastKnownFileType = image.png; path = "search@2x.png"; sourceTree = "<group>"; };
		70EC80DC1E067DB400A6D245 /* separator@2x.png */ = {isa = PBXFileReference; lastKnownFileType = image.png; path = "separator@2x.png"; sourceTree = "<group>"; };
		70EC80DD1E067DB400A6D245 /* settings___@2x.png */ = {isa = PBXFileReference; lastKnownFileType = image.png; path = "settings___@2x.png"; sourceTree = "<group>"; };
		70EC80DE1E067DB400A6D245 /* settings__@2x.png */ = {isa = PBXFileReference; lastKnownFileType = image.png; path = "settings__@2x.png"; sourceTree = "<group>"; };
		70EC80DF1E067DB400A6D245 /* traning_videos@2x.png */ = {isa = PBXFileReference; lastKnownFileType = image.png; path = "traning_videos@2x.png"; sourceTree = "<group>"; };
/* End PBXFileReference section */

/* Begin PBXFrameworksBuildPhase section */
		3B6EB8841DD845D900936AB9 /* Frameworks */ = {
			isa = PBXFrameworksBuildPhase;
			buildActionMask = 2147483647;
			files = (
			);
			runOnlyForDeploymentPostprocessing = 0;
		};
/* End PBXFrameworksBuildPhase section */

/* Begin PBXGroup section */
		3B6EB87E1DD845D900936AB9 = {
			isa = PBXGroup;
			children = (
				3B6EB8891DD845D900936AB9 /* Telesto Basement App */,
				3B6EB8881DD845D900936AB9 /* Products */,
			);
			sourceTree = "<group>";
		};
		3B6EB8881DD845D900936AB9 /* Products */ = {
			isa = PBXGroup;
			children = (
				3B6EB8871DD845D900936AB9 /* Telesto Basement App.app */,
			);
			name = Products;
			sourceTree = "<group>";
		};
		3B6EB8891DD845D900936AB9 /* Telesto Basement App */ = {
			isa = PBXGroup;
			children = (
				70192EC81DFD555400901E7D /* SW */,
				70015E941DF690E100DF542E /* Models */,
				3B6EB88D1DD845D900936AB9 /* AppDelegate.h */,
				3B6EB88E1DD845D900936AB9 /* AppDelegate.m */,
				3B69A9C51DDB0E4800163A80 /* TermsAndConditionViewController.h */,
				3B69A9C61DDB0E4800163A80 /* TermsAndConditionViewController.m */,
				3B428ACA1DDB3E57008ADABF /* BaseViewController.h */,
				3B428ACB1DDB3E57008ADABF /* BaseViewController.m */,
				70CF14131DF449350045CF8F /* CustomerRecordViewController.h */,
				70CF14141DF449350045CF8F /* CustomerRecordViewController.m */,
				706286111DED7EA60022E105 /* DrawingViewController.h */,
				706286121DED7EA60022E105 /* DrawingViewController.m */,
				706286171DED939A0022E105 /* PageContentViewController.h */,
				706286181DED939A0022E105 /* PageContentViewController.m */,
				3B6EB8931DD845D900936AB9 /* Main.storyboard */,
				3B6EB8991DD845DA00936AB9 /* Assets.xcassets */,
				70015E951DF6910500DF542E /* Images */,
				3B6EB89B1DD845DA00936AB9 /* LaunchScreen.storyboard */,
				3B6EB89E1DD845DA00936AB9 /* Info.plist */,
				3B6EB8961DD845DA00936AB9 /* Telesto_Basement_App.xcdatamodeld */,
				3B6EB88A1DD845D900936AB9 /* Supporting Files */,
			);
			path = "Telesto Basement App";
			sourceTree = "<group>";
		};
		3B6EB88A1DD845D900936AB9 /* Supporting Files */ = {
			isa = PBXGroup;
			children = (
				705F64C21DF97B5500082D55 /* Font */,
				70CF14101DF43C180045CF8F /* IQDropDownTextField.h */,
				70CF14111DF43C180045CF8F /* IQDropDownTextField.m */,
				3B6EB88B1DD845D900936AB9 /* main.m */,
			);
			name = "Supporting Files";
			sourceTree = "<group>";
		};
		70015E941DF690E100DF542E /* Models */ = {
			isa = PBXGroup;
			children = (
				70015E9C1DF69BEF00DF542E /* HttpHelper.h */,
				70015E9D1DF69BEF00DF542E /* HttpHelper.m */,
				70015E961DF6913200DF542E /* Utility.h */,
				70015E971DF6913200DF542E /* Utility.m */,
			);
			name = Models;
			sourceTree = "<group>";
		};
		70015E951DF6910500DF542E /* Images */ = {
			isa = PBXGroup;
			children = (
				70EC80D51E067DB400A6D245 /* creat_new_customer@2x.png */,
				70EC80D61E067DB400A6D245 /* log_out_@2x.png */,
				70EC80D71E067DB400A6D245 /* log_out@2x.png */,
				70EC80D81E067DB400A6D245 /* new_customer@2x.png */,
				70EC80D91E067DB400A6D245 /* old_proposal@2x.png */,
				70EC80DA1E067DB400A6D245 /* presentation@2x.png */,
				70EC80DB1E067DB400A6D245 /* search@2x.png */,
				70EC80DC1E067DB400A6D245 /* separator@2x.png */,
				70EC80DD1E067DB400A6D245 /* settings___@2x.png */,
				70EC80DE1E067DB400A6D245 /* settings__@2x.png */,
				70EC80DF1E067DB400A6D245 /* traning_videos@2x.png */,
				705F64ED1DF97F5A00082D55 /* passwordIcon@2x.png */,
				705F64E81DF97F2600082D55 /* telesto-logo@2x.png */,
				705F64E91DF97F2600082D55 /* userName@2x.png */,
				700165C91DEED93200247245 /* Temp1.png */,
				700165CA1DEED93200247245 /* Temp2.png */,
				700165CB1DEED93200247245 /* Temp3.png */,
				700165CC1DEED93200247245 /* Temp4.png */,
				700165CD1DEED93200247245 /* Temp5.png */,
				700165CE1DEED93200247245 /* Temp6.png */,
				700165CF1DEED93200247245 /* Temp7.png */,
				700165D01DEED93200247245 /* Temp8.png */,
				700165C51DEEC1F900247245 /* left.png */,
				700165C61DEEC1F900247245 /* right.png */,
				70CF140E1DF431B20045CF8F /* BackButton@2x.png */,
				3B6EB8A41DD8ACB700936AB9 /* 1.png */,
				70B3A78E1DEFEAF6008D5E8D /* whiteUsername.png */,
				3B6EB8A61DD9B39200936AB9 /* username.png */,
				70B3A78A1DEFD46E008D5E8D /* password.png */,
				7017E93E1DEFF608009FB76A /* reveal-icon.png */,
				7017E93F1DEFF608009FB76A /* reveal-icon@2x.png */,
			);
			name = Images;
			sourceTree = "<group>";
		};
		70192EC81DFD555400901E7D /* SW */ = {
			isa = PBXGroup;
			children = (
				70192ECC1DFD61A900901E7D /* MenuViewController.h */,
				70192ECD1DFD61A900901E7D /* MenuViewController.m */,
				70CF140B1DF4228A0045CF8F /* CustomerListViewController.h */,
				70CF140C1DF4228A0045CF8F /* CustomerListViewController.m */,
				70192EC91DFD559500901E7D /* SWRevealViewController.h */,
				70192ECA1DFD559500901E7D /* SWRevealViewController.m */,
			);
			name = SW;
			sourceTree = "<group>";
		};
		705F64C21DF97B5500082D55 /* Font */ = {
			isa = PBXGroup;
			children = (
				705F64C31DF97B7000082D55 /* Roboto-Black.ttf */,
				705F64C41DF97B7000082D55 /* Roboto-BlackItalic.ttf */,
				705F64C51DF97B7000082D55 /* Roboto-Bold.ttf */,
				705F64C61DF97B7000082D55 /* Roboto-BoldItalic.ttf */,
				705F64C71DF97B7000082D55 /* Roboto-Italic.ttf */,
				705F64C81DF97B7000082D55 /* Roboto-Light.ttf */,
				705F64C91DF97B7000082D55 /* Roboto-LightItalic.ttf */,
				705F64CA1DF97B7000082D55 /* Roboto-Medium.ttf */,
				705F64CB1DF97B7000082D55 /* Roboto-MediumItalic.ttf */,
				705F64CC1DF97B7000082D55 /* Roboto-Regular.ttf */,
				705F64CD1DF97B7000082D55 /* Roboto-Thin.ttf */,
				705F64CE1DF97B7000082D55 /* Roboto-ThinItalic.ttf */,
				705F64CF1DF97B7000082D55 /* RobotoCondensed-Bold.ttf */,
				705F64D01DF97B7000082D55 /* RobotoCondensed-BoldItalic.ttf */,
				705F64D11DF97B7000082D55 /* RobotoCondensed-Italic.ttf */,
				705F64D21DF97B7000082D55 /* RobotoCondensed-Light.ttf */,
				705F64D31DF97B7000082D55 /* RobotoCondensed-LightItalic.ttf */,
				705F64D41DF97B7000082D55 /* RobotoCondensed-Regular.ttf */,
			);
			name = Font;
			sourceTree = "<group>";
		};
/* End PBXGroup section */

/* Begin PBXNativeTarget section */
		3B6EB8861DD845D900936AB9 /* Telesto Basement App */ = {
			isa = PBXNativeTarget;
			buildConfigurationList = 3B6EB8A11DD845DA00936AB9 /* Build configuration list for PBXNativeTarget "Telesto Basement App" */;
			buildPhases = (
				3B6EB8831DD845D900936AB9 /* Sources */,
				3B6EB8841DD845D900936AB9 /* Frameworks */,
				3B6EB8851DD845D900936AB9 /* Resources */,
			);
			buildRules = (
			);
			dependencies = (
			);
			name = "Telesto Basement App";
			productName = "Telesto Basement App";
			productReference = 3B6EB8871DD845D900936AB9 /* Telesto Basement App.app */;
			productType = "com.apple.product-type.application";
		};
/* End PBXNativeTarget section */

/* Begin PBXProject section */
		3B6EB87F1DD845D900936AB9 /* Project object */ = {
			isa = PBXProject;
			attributes = {
				LastUpgradeCheck = 0810;
				ORGANIZATIONNAME = csm;
				TargetAttributes = {
					3B6EB8861DD845D900936AB9 = {
						CreatedOnToolsVersion = 8.1;
						DevelopmentTeam = 68449K2QZC;
						ProvisioningStyle = Automatic;
					};
				};
			};
			buildConfigurationList = 3B6EB8821DD845D900936AB9 /* Build configuration list for PBXProject "Telesto Basement App" */;
			compatibilityVersion = "Xcode 3.2";
			developmentRegion = English;
			hasScannedForEncodings = 0;
			knownRegions = (
				en,
				Base,
			);
			mainGroup = 3B6EB87E1DD845D900936AB9;
			productRefGroup = 3B6EB8881DD845D900936AB9 /* Products */;
			projectDirPath = "";
			projectRoot = "";
			targets = (
				3B6EB8861DD845D900936AB9 /* Telesto Basement App */,
			);
		};
/* End PBXProject section */

/* Begin PBXResourcesBuildPhase section */
		3B6EB8851DD845D900936AB9 /* Resources */ = {
			isa = PBXResourcesBuildPhase;
			buildActionMask = 2147483647;
			files = (
				70EC80E61E067DB400A6D245 /* search@2x.png in Resources */,
				70EC80E21E067DB400A6D245 /* log_out@2x.png in Resources */,
				70EC80E71E067DB400A6D245 /* separator@2x.png in Resources */,
				3B6EB8A71DD9B39200936AB9 /* username.png in Resources */,
				70EC80E41E067DB400A6D245 /* old_proposal@2x.png in Resources */,
				3B6EB89D1DD845DA00936AB9 /* LaunchScreen.storyboard in Resources */,
				705F64EC1DF97F2600082D55 /* userName@2x.png in Resources */,
				70EC80E31E067DB400A6D245 /* new_customer@2x.png in Resources */,
				705F64D71DF97B7000082D55 /* Roboto-Bold.ttf in Resources */,
				7017E9411DEFF608009FB76A /* reveal-icon.png in Resources */,
				70EC80E11E067DB400A6D245 /* log_out_@2x.png in Resources */,
				705F64E21DF97B7000082D55 /* RobotoCondensed-BoldItalic.ttf in Resources */,
				70B3A78B1DEFD46E008D5E8D /* password.png in Resources */,
				700165C81DEEC1F900247245 /* right.png in Resources */,
				700165D31DEED93200247245 /* Temp3.png in Resources */,
				70EC80E91E067DB400A6D245 /* settings__@2x.png in Resources */,
				700165D11DEED93200247245 /* Temp1.png in Resources */,
				70CF140F1DF431B20045CF8F /* BackButton@2x.png in Resources */,
				705F64E41DF97B7000082D55 /* RobotoCondensed-Light.ttf in Resources */,
				700165D51DEED93200247245 /* Temp5.png in Resources */,
				700165D21DEED93200247245 /* Temp2.png in Resources */,
				700165D41DEED93200247245 /* Temp4.png in Resources */,
				705F64DE1DF97B7000082D55 /* Roboto-Regular.ttf in Resources */,
				705F64EE1DF97F5A00082D55 /* passwordIcon@2x.png in Resources */,
				705F64D91DF97B7000082D55 /* Roboto-Italic.ttf in Resources */,
				705F64D51DF97B7000082D55 /* Roboto-Black.ttf in Resources */,
				705F64DB1DF97B7000082D55 /* Roboto-LightItalic.ttf in Resources */,
				700165D81DEED93200247245 /* Temp8.png in Resources */,
				70EC80E81E067DB400A6D245 /* settings___@2x.png in Resources */,
				70EC80E01E067DB400A6D245 /* creat_new_customer@2x.png in Resources */,
				700165C71DEEC1F900247245 /* left.png in Resources */,
				3B6EB8A51DD8ACB700936AB9 /* 1.png in Resources */,
				705F64DD1DF97B7000082D55 /* Roboto-MediumItalic.ttf in Resources */,
				705F64DF1DF97B7000082D55 /* Roboto-Thin.ttf in Resources */,
				705F64E11DF97B7000082D55 /* RobotoCondensed-Bold.ttf in Resources */,
				70B3A78F1DEFEAF6008D5E8D /* whiteUsername.png in Resources */,
				705F64E31DF97B7000082D55 /* RobotoCondensed-Italic.ttf in Resources */,
				705F64E51DF97B7000082D55 /* RobotoCondensed-LightItalic.ttf in Resources */,
				70EC80EA1E067DB400A6D245 /* traning_videos@2x.png in Resources */,
				700165D61DEED93200247245 /* Temp6.png in Resources */,
				705F64E61DF97B7000082D55 /* RobotoCondensed-Regular.ttf in Resources */,
				705F64EB1DF97F2600082D55 /* telesto-logo@2x.png in Resources */,
				705F64D81DF97B7000082D55 /* Roboto-BoldItalic.ttf in Resources */,
				705F64D61DF97B7000082D55 /* Roboto-BlackItalic.ttf in Resources */,
				7017E9421DEFF608009FB76A /* reveal-icon@2x.png in Resources */,
				705F64DA1DF97B7000082D55 /* Roboto-Light.ttf in Resources */,
				705F64DC1DF97B7000082D55 /* Roboto-Medium.ttf in Resources */,
				705F64E01DF97B7000082D55 /* Roboto-ThinItalic.ttf in Resources */,
				70EC80E51E067DB400A6D245 /* presentation@2x.png in Resources */,
				700165D71DEED93200247245 /* Temp7.png in Resources */,
				3B6EB89A1DD845DA00936AB9 /* Assets.xcassets in Resources */,
				3B6EB8951DD845D900936AB9 /* Main.storyboard in Resources */,
			);
			runOnlyForDeploymentPostprocessing = 0;
		};
/* End PBXResourcesBuildPhase section */

/* Begin PBXSourcesBuildPhase section */
		3B6EB8831DD845D900936AB9 /* Sources */ = {
			isa = PBXSourcesBuildPhase;
			buildActionMask = 2147483647;
			files = (
				70192ECB1DFD559500901E7D /* SWRevealViewController.m in Sources */,
				3B428ACC1DDB3E57008ADABF /* BaseViewController.m in Sources */,
				3B6EB8981DD845DA00936AB9 /* Telesto_Basement_App.xcdatamodeld in Sources */,
				3B6EB88F1DD845D900936AB9 /* AppDelegate.m in Sources */,
				3B69A9C71DDB0E4800163A80 /* TermsAndConditionViewController.m in Sources */,
				70015E981DF6913200DF542E /* Utility.m in Sources */,
				3B6EB88C1DD845D900936AB9 /* main.m in Sources */,
				70CF140D1DF4228A0045CF8F /* CustomerListViewController.m in Sources */,
				706286191DED939A0022E105 /* PageContentViewController.m in Sources */,
				70CF14151DF449350045CF8F /* CustomerRecordViewController.m in Sources */,
				706286131DED7EA60022E105 /* DrawingViewController.m in Sources */,
				70192ECE1DFD61A900901E7D /* MenuViewController.m in Sources */,
				70015E9E1DF69BEF00DF542E /* HttpHelper.m in Sources */,
				70CF14121DF43C180045CF8F /* IQDropDownTextField.m in Sources */,
			);
			runOnlyForDeploymentPostprocessing = 0;
		};
/* End PBXSourcesBuildPhase section */

/* Begin PBXVariantGroup section */
		3B6EB8931DD845D900936AB9 /* Main.storyboard */ = {
			isa = PBXVariantGroup;
			children = (
				3B6EB8941DD845D900936AB9 /* Base */,
			);
			name = Main.storyboard;
			sourceTree = "<group>";
		};
		3B6EB89B1DD845DA00936AB9 /* LaunchScreen.storyboard */ = {
			isa = PBXVariantGroup;
			children = (
				3B6EB89C1DD845DA00936AB9 /* Base */,
			);
			name = LaunchScreen.storyboard;
			sourceTree = "<group>";
		};
/* End PBXVariantGroup section */

/* Begin XCBuildConfiguration section */
		3B6EB89F1DD845DA00936AB9 /* Debug */ = {
			isa = XCBuildConfiguration;
			buildSettings = {
				ALWAYS_SEARCH_USER_PATHS = NO;
				CLANG_ANALYZER_NONNULL = YES;
				CLANG_CXX_LANGUAGE_STANDARD = "gnu++0x";
				CLANG_CXX_LIBRARY = "libc++";
				CLANG_ENABLE_MODULES = YES;
				CLANG_ENABLE_OBJC_ARC = YES;
				CLANG_WARN_BOOL_CONVERSION = YES;
				CLANG_WARN_CONSTANT_CONVERSION = YES;
				CLANG_WARN_DIRECT_OBJC_ISA_USAGE = YES_ERROR;
				CLANG_WARN_DOCUMENTATION_COMMENTS = YES;
				CLANG_WARN_EMPTY_BODY = YES;
				CLANG_WARN_ENUM_CONVERSION = YES;
				CLANG_WARN_INFINITE_RECURSION = YES;
				CLANG_WARN_INT_CONVERSION = YES;
				CLANG_WARN_OBJC_ROOT_CLASS = YES_ERROR;
				CLANG_WARN_SUSPICIOUS_MOVES = YES;
				CLANG_WARN_UNREACHABLE_CODE = YES;
				CLANG_WARN__DUPLICATE_METHOD_MATCH = YES;
				CODE_SIGN_IDENTITY = "iPhone Developer";
				"CODE_SIGN_IDENTITY[sdk=iphoneos*]" = "iPhone Developer";
				COPY_PHASE_STRIP = NO;
				DEBUG_INFORMATION_FORMAT = dwarf;
				ENABLE_STRICT_OBJC_MSGSEND = YES;
				ENABLE_TESTABILITY = YES;
				GCC_C_LANGUAGE_STANDARD = gnu99;
				GCC_DYNAMIC_NO_PIC = NO;
				GCC_NO_COMMON_BLOCKS = YES;
				GCC_OPTIMIZATION_LEVEL = 0;
				GCC_PREPROCESSOR_DEFINITIONS = (
					"DEBUG=1",
					"$(inherited)",
				);
				GCC_WARN_64_TO_32_BIT_CONVERSION = YES;
				GCC_WARN_ABOUT_RETURN_TYPE = YES_ERROR;
				GCC_WARN_UNDECLARED_SELECTOR = YES;
				GCC_WARN_UNINITIALIZED_AUTOS = YES_AGGRESSIVE;
				GCC_WARN_UNUSED_FUNCTION = YES;
				GCC_WARN_UNUSED_VARIABLE = YES;
				IPHONEOS_DEPLOYMENT_TARGET = 8.0;
				MTL_ENABLE_DEBUG_INFO = YES;
				ONLY_ACTIVE_ARCH = YES;
				SDKROOT = iphoneos;
				TARGETED_DEVICE_FAMILY = 2;
			};
			name = Debug;
		};
		3B6EB8A01DD845DA00936AB9 /* Release */ = {
			isa = XCBuildConfiguration;
			buildSettings = {
				ALWAYS_SEARCH_USER_PATHS = NO;
				CLANG_ANALYZER_NONNULL = YES;
				CLANG_CXX_LANGUAGE_STANDARD = "gnu++0x";
				CLANG_CXX_LIBRARY = "libc++";
				CLANG_ENABLE_MODULES = YES;
				CLANG_ENABLE_OBJC_ARC = YES;
				CLANG_WARN_BOOL_CONVERSION = YES;
				CLANG_WARN_CONSTANT_CONVERSION = YES;
				CLANG_WARN_DIRECT_OBJC_ISA_USAGE = YES_ERROR;
				CLANG_WARN_DOCUMENTATION_COMMENTS = YES;
				CLANG_WARN_EMPTY_BODY = YES;
				CLANG_WARN_ENUM_CONVERSION = YES;
				CLANG_WARN_INFINITE_RECURSION = YES;
				CLANG_WARN_INT_CONVERSION = YES;
				CLANG_WARN_OBJC_ROOT_CLASS = YES_ERROR;
				CLANG_WARN_SUSPICIOUS_MOVES = YES;
				CLANG_WARN_UNREACHABLE_CODE = YES;
				CLANG_WARN__DUPLICATE_METHOD_MATCH = YES;
				CODE_SIGN_IDENTITY = "iPhone Developer";
				"CODE_SIGN_IDENTITY[sdk=iphoneos*]" = "iPhone Developer";
				COPY_PHASE_STRIP = NO;
				DEBUG_INFORMATION_FORMAT = "dwarf-with-dsym";
				ENABLE_NS_ASSERTIONS = NO;
				ENABLE_STRICT_OBJC_MSGSEND = YES;
				GCC_C_LANGUAGE_STANDARD = gnu99;
				GCC_NO_COMMON_BLOCKS = YES;
				GCC_WARN_64_TO_32_BIT_CONVERSION = YES;
				GCC_WARN_ABOUT_RETURN_TYPE = YES_ERROR;
				GCC_WARN_UNDECLARED_SELECTOR = YES;
				GCC_WARN_UNINITIALIZED_AUTOS = YES_AGGRESSIVE;
				GCC_WARN_UNUSED_FUNCTION = YES;
				GCC_WARN_UNUSED_VARIABLE = YES;
				IPHONEOS_DEPLOYMENT_TARGET = 8.0;
				MTL_ENABLE_DEBUG_INFO = NO;
				SDKROOT = iphoneos;
				TARGETED_DEVICE_FAMILY = 2;
				VALIDATE_PRODUCT = YES;
			};
			name = Release;
		};
		3B6EB8A21DD845DA00936AB9 /* Debug */ = {
			isa = XCBuildConfiguration;
			buildSettings = {
				ASSETCATALOG_COMPILER_APPICON_NAME = AppIcon;
				DEVELOPMENT_TEAM = 68449K2QZC;
				INFOPLIST_FILE = "Telesto Basement App/Info.plist";
				IPHONEOS_DEPLOYMENT_TARGET = 8.0;
				LD_RUNPATH_SEARCH_PATHS = "$(inherited) @executable_path/Frameworks";
				PRODUCT_BUNDLE_IDENTIFIER = "com.csm.Telesto-Basement-App";
				PRODUCT_NAME = "$(TARGET_NAME)";
				PROVISIONING_PROFILE = "";
			};
			name = Debug;
		};
		3B6EB8A31DD845DA00936AB9 /* Release */ = {
			isa = XCBuildConfiguration;
			buildSettings = {
				ASSETCATALOG_COMPILER_APPICON_NAME = AppIcon;
				DEVELOPMENT_TEAM = 68449K2QZC;
				INFOPLIST_FILE = "Telesto Basement App/Info.plist";
				IPHONEOS_DEPLOYMENT_TARGET = 8.0;
				LD_RUNPATH_SEARCH_PATHS = "$(inherited) @executable_path/Frameworks";
				PRODUCT_BUNDLE_IDENTIFIER = "com.csm.Telesto-Basement-App";
				PRODUCT_NAME = "$(TARGET_NAME)";
				PROVISIONING_PROFILE = "";
			};
			name = Release;
		};
/* End XCBuildConfiguration section */

/* Begin XCConfigurationList section */
		3B6EB8821DD845D900936AB9 /* Build configuration list for PBXProject "Telesto Basement App" */ = {
			isa = XCConfigurationList;
			buildConfigurations = (
				3B6EB89F1DD845DA00936AB9 /* Debug */,
				3B6EB8A01DD845DA00936AB9 /* Release */,
			);
			defaultConfigurationIsVisible = 0;
			defaultConfigurationName = Release;
		};
		3B6EB8A11DD845DA00936AB9 /* Build configuration list for PBXNativeTarget "Telesto Basement App" */ = {
			isa = XCConfigurationList;
			buildConfigurations = (
				3B6EB8A21DD845DA00936AB9 /* Debug */,
				3B6EB8A31DD845DA00936AB9 /* Release */,
			);
			defaultConfigurationIsVisible = 0;
			defaultConfigurationName = Release;
		};
/* End XCConfigurationList section */

/* Begin XCVersionGroup section */
		3B6EB8961DD845DA00936AB9 /* Telesto_Basement_App.xcdatamodeld */ = {
			isa = XCVersionGroup;
			children = (
				3B6EB8971DD845DA00936AB9 /* Telesto_Basement_App.xcdatamodel */,
			);
			currentVersion = 3B6EB8971DD845DA00936AB9 /* Telesto_Basement_App.xcdatamodel */;
			path = Telesto_Basement_App.xcdatamodeld;
			sourceTree = "<group>";
			versionGroupType = wrapper.xcdatamodel;
		};
/* End XCVersionGroup section */
	};
	rootObject = 3B6EB87F1DD845D900936AB9 /* Project object */;
}
